// !$*UTF8*$!
{
	archiveVersion = 1;
	classes = {
	};
	objectVersion = 50;
	objects = {

/* Begin PBXBuildFile section */
		3A07AA5B23448D4400D3F0CE /* VoxelKit.h in Headers */ = {isa = PBXBuildFile; fileRef = 3A07AA5923448D4400D3F0CE /* VoxelKit.h */; settings = {ATTRIBUTES = (Public, ); }; };
		3A07AA87234497EE00D3F0CE /* GradientVOX.swift in Sources */ = {isa = PBXBuildFile; fileRef = 3A07AA86234497EE00D3F0CE /* GradientVOX.swift */; };
		3A07AA89234498B900D3F0CE /* VoxelKit.swift in Sources */ = {isa = PBXBuildFile; fileRef = 3A07AA88234498B900D3F0CE /* VoxelKit.swift */; };
		3A07AA8B234498F100D3F0CE /* VoxelTypes.swift in Sources */ = {isa = PBXBuildFile; fileRef = 3A07AA8A234498F100D3F0CE /* VoxelTypes.swift */; };
		3A07AA8C234498F900D3F0CE /* VoxelKit.swift in Sources */ = {isa = PBXBuildFile; fileRef = 3A07AA88234498B900D3F0CE /* VoxelKit.swift */; };
		3A07AA8D234498F900D3F0CE /* VoxelTypes.swift in Sources */ = {isa = PBXBuildFile; fileRef = 3A07AA8A234498F100D3F0CE /* VoxelTypes.swift */; };
		3A07AA90234498F900D3F0CE /* GradientVOX.swift in Sources */ = {isa = PBXBuildFile; fileRef = 3A07AA86234497EE00D3F0CE /* GradientVOX.swift */; };
		3A61CE49234B30CF001D731F /* SphereVOX.swift in Sources */ = {isa = PBXBuildFile; fileRef = 3A61CE48234B30CF001D731F /* SphereVOX.swift */; };
		3A61CE6A234B4EAD001D731F /* VOXEffect.swift in Sources */ = {isa = PBXBuildFile; fileRef = 3A61CE69234B4EAD001D731F /* VOXEffect.swift */; };
		3A61CE6B234B4EAD001D731F /* VOXEffect.swift in Sources */ = {isa = PBXBuildFile; fileRef = 3A61CE69234B4EAD001D731F /* VOXEffect.swift */; };
		3A61CE6E234B4EB5001D731F /* VOXSingleEffect.swift in Sources */ = {isa = PBXBuildFile; fileRef = 3A61CE6D234B4EB5001D731F /* VOXSingleEffect.swift */; };
		3A61CE6F234B4EB5001D731F /* VOXSingleEffect.swift in Sources */ = {isa = PBXBuildFile; fileRef = 3A61CE6D234B4EB5001D731F /* VOXSingleEffect.swift */; };
		3A61CE72234B4F0B001D731F /* ResolutionVOX.swift in Sources */ = {isa = PBXBuildFile; fileRef = 3A61CE71234B4F0B001D731F /* ResolutionVOX.swift */; };
		3A61CE73234B4F0B001D731F /* ResolutionVOX.swift in Sources */ = {isa = PBXBuildFile; fileRef = 3A61CE71234B4F0B001D731F /* ResolutionVOX.swift */; };
		3A61CE8C234B6828001D731F /* VoxelKit_tvOS.h in Headers */ = {isa = PBXBuildFile; fileRef = 3A61CE8A234B6828001D731F /* VoxelKit_tvOS.h */; settings = {ATTRIBUTES = (Public, ); }; };
		3A61CE90234B698A001D731F /* ResolutionVOX.swift in Sources */ = {isa = PBXBuildFile; fileRef = 3A61CE71234B4F0B001D731F /* ResolutionVOX.swift */; };
		3A61CE91234B6992001D731F /* VoxelKit.swift in Sources */ = {isa = PBXBuildFile; fileRef = 3A07AA88234498B900D3F0CE /* VoxelKit.swift */; };
		3A61CE92234B6992001D731F /* VoxelTypes.swift in Sources */ = {isa = PBXBuildFile; fileRef = 3A07AA8A234498F100D3F0CE /* VoxelTypes.swift */; };
		3A61CE93234B6992001D731F /* VOX.swift in Sources */ = {isa = PBXBuildFile; fileRef = 3AFD7F0923477D0D00E38CD3 /* VOX.swift */; };
		3A61CE94234B6992001D731F /* VOXResolution.swift in Sources */ = {isa = PBXBuildFile; fileRef = 3AFD7F1123477F2200E38CD3 /* VOXResolution.swift */; };
		3A61CE95234B6992001D731F /* VOXRender.swift in Sources */ = {isa = PBXBuildFile; fileRef = 7495EB03234A0B1C00376100 /* VOXRender.swift */; };
		3A61CE96234B6992001D731F /* VOXContent.swift in Sources */ = {isa = PBXBuildFile; fileRef = 3AFD7F0B23477D1B00E38CD3 /* VOXContent.swift */; };
		3A61CE97234B6992001D731F /* VOXResource.swift in Sources */ = {isa = PBXBuildFile; fileRef = 3AFD7F1423477FC100E38CD3 /* VOXResource.swift */; };
		3A61CE98234B6992001D731F /* VOXGenerator.swift in Sources */ = {isa = PBXBuildFile; fileRef = 3AFD7F0D23477D2400E38CD3 /* VOXGenerator.swift */; };
		3A61CE99234B6992001D731F /* ColorVOX.swift in Sources */ = {isa = PBXBuildFile; fileRef = 74844E81234895F100F99875 /* ColorVOX.swift */; };
		3A61CE9A234B6992001D731F /* GradientVOX.swift in Sources */ = {isa = PBXBuildFile; fileRef = 3A07AA86234497EE00D3F0CE /* GradientVOX.swift */; };
		3A61CE9B234B6992001D731F /* SphereVOX.swift in Sources */ = {isa = PBXBuildFile; fileRef = 3A61CE48234B30CF001D731F /* SphereVOX.swift */; };
		3A61CE9C234B6992001D731F /* VOXEffect.swift in Sources */ = {isa = PBXBuildFile; fileRef = 3A61CE69234B4EAD001D731F /* VOXEffect.swift */; };
		3A61CE9D234B6992001D731F /* VOXSingleEffect.swift in Sources */ = {isa = PBXBuildFile; fileRef = 3A61CE6D234B4EB5001D731F /* VOXSingleEffect.swift */; };
		3A61CE9E234B6992001D731F /* VOX.swift in Sources */ = {isa = PBXBuildFile; fileRef = 3AFD7F0923477D0D00E38CD3 /* VOX.swift */; };
		3A61CE9F234B6992001D731F /* VOXResolution.swift in Sources */ = {isa = PBXBuildFile; fileRef = 3AFD7F1123477F2200E38CD3 /* VOXResolution.swift */; };
		3A61CEA0234B6992001D731F /* VOXContent.swift in Sources */ = {isa = PBXBuildFile; fileRef = 3AFD7F0B23477D1B00E38CD3 /* VOXContent.swift */; };
		3A61CEA1234B6992001D731F /* VOXResource.swift in Sources */ = {isa = PBXBuildFile; fileRef = 3AFD7F1423477FC100E38CD3 /* VOXResource.swift */; };
		3A61CEA2234B6992001D731F /* VOXGenerator.swift in Sources */ = {isa = PBXBuildFile; fileRef = 3AFD7F0D23477D2400E38CD3 /* VOXGenerator.swift */; };
		3A61CEA3234B6992001D731F /* ColorVOX.swift in Sources */ = {isa = PBXBuildFile; fileRef = 74844E81234895F100F99875 /* ColorVOX.swift */; };
		3A61CEA4234B6992001D731F /* SphereVOX.swift in Sources */ = {isa = PBXBuildFile; fileRef = 3A61CE48234B30CF001D731F /* SphereVOX.swift */; };
		3A61CEAC234B8007001D731F /* LevelsVOX.swift in Sources */ = {isa = PBXBuildFile; fileRef = 3A61CEA8234B8007001D731F /* LevelsVOX.swift */; };
		3A61CEAD234B8007001D731F /* LevelsVOX.swift in Sources */ = {isa = PBXBuildFile; fileRef = 3A61CEA8234B8007001D731F /* LevelsVOX.swift */; };
		3A61CEAE234B8007001D731F /* LevelsVOX.swift in Sources */ = {isa = PBXBuildFile; fileRef = 3A61CEA8234B8007001D731F /* LevelsVOX.swift */; };
		3A61CEBD234B833B001D731F /* EdgeVOX.swift in Sources */ = {isa = PBXBuildFile; fileRef = 3A61CEB9234B833B001D731F /* EdgeVOX.swift */; };
		3A61CEBE234B833B001D731F /* EdgeVOX.swift in Sources */ = {isa = PBXBuildFile; fileRef = 3A61CEB9234B833B001D731F /* EdgeVOX.swift */; };
		3A61CEBF234B833B001D731F /* EdgeVOX.swift in Sources */ = {isa = PBXBuildFile; fileRef = 3A61CEB9234B833B001D731F /* EdgeVOX.swift */; };
		3A61CEC6234B8636001D731F /* VOXMergerEffect.swift in Sources */ = {isa = PBXBuildFile; fileRef = 3A61CEC5234B8636001D731F /* VOXMergerEffect.swift */; };
		3A61CEC7234B8636001D731F /* VOXMergerEffect.swift in Sources */ = {isa = PBXBuildFile; fileRef = 3A61CEC5234B8636001D731F /* VOXMergerEffect.swift */; };
		3A61CEC8234B8636001D731F /* VOXMergerEffect.swift in Sources */ = {isa = PBXBuildFile; fileRef = 3A61CEC5234B8636001D731F /* VOXMergerEffect.swift */; };
		3A61CECA234B86B8001D731F /* BlendVOX.swift in Sources */ = {isa = PBXBuildFile; fileRef = 3A61CEC9234B86B8001D731F /* BlendVOX.swift */; };
		3A61CECB234B86B8001D731F /* BlendVOX.swift in Sources */ = {isa = PBXBuildFile; fileRef = 3A61CEC9234B86B8001D731F /* BlendVOX.swift */; };
		3A61CECC234B86B8001D731F /* BlendVOX.swift in Sources */ = {isa = PBXBuildFile; fileRef = 3A61CEC9234B86B8001D731F /* BlendVOX.swift */; };
		3A8D7E2C234E075B00DC555E /* ObjectVOX.swift in Sources */ = {isa = PBXBuildFile; fileRef = 3A8D7E2B234E075B00DC555E /* ObjectVOX.swift */; };
		3A90637A234C79E700172ED4 /* NoiseVOX.swift in Sources */ = {isa = PBXBuildFile; fileRef = 3A906376234C79E700172ED4 /* NoiseVOX.swift */; };
		3A90637B234C79E700172ED4 /* NoiseVOX.swift in Sources */ = {isa = PBXBuildFile; fileRef = 3A906376234C79E700172ED4 /* NoiseVOX.swift */; };
		3A90637C234C79E700172ED4 /* NoiseVOX.swift in Sources */ = {isa = PBXBuildFile; fileRef = 3A906376234C79E700172ED4 /* NoiseVOX.swift */; };
		3A906387234C863100172ED4 /* FeedbackVOX.swift in Sources */ = {isa = PBXBuildFile; fileRef = 3A906383234C863100172ED4 /* FeedbackVOX.swift */; };
		3A906388234C863100172ED4 /* FeedbackVOX.swift in Sources */ = {isa = PBXBuildFile; fileRef = 3A906383234C863100172ED4 /* FeedbackVOX.swift */; };
		3A906389234C863100172ED4 /* FeedbackVOX.swift in Sources */ = {isa = PBXBuildFile; fileRef = 3A906383234C863100172ED4 /* FeedbackVOX.swift */; };
		3AB7CB312359D361003C4299 /* KaleidoscopeVOX.swift in Sources */ = {isa = PBXBuildFile; fileRef = 3AB7CB2D2359D361003C4299 /* KaleidoscopeVOX.swift */; };
		3AB7CB322359D361003C4299 /* KaleidoscopeVOX.swift in Sources */ = {isa = PBXBuildFile; fileRef = 3AB7CB2D2359D361003C4299 /* KaleidoscopeVOX.swift */; };
		3AB7CB332359D361003C4299 /* KaleidoscopeVOX.swift in Sources */ = {isa = PBXBuildFile; fileRef = 3AB7CB2D2359D361003C4299 /* KaleidoscopeVOX.swift */; };
		3AD352F2235DDEC700331E62 /* BoxVOX.swift in Sources */ = {isa = PBXBuildFile; fileRef = 3AD352F1235DDEC700331E62 /* BoxVOX.swift */; };
		3AD352FA235DDF5100331E62 /* BoxVOX.swift in Sources */ = {isa = PBXBuildFile; fileRef = 3AD352F1235DDEC700331E62 /* BoxVOX.swift */; };
		3AD352FB235DDF5200331E62 /* BoxVOX.swift in Sources */ = {isa = PBXBuildFile; fileRef = 3AD352F1235DDEC700331E62 /* BoxVOX.swift */; };
		3AFD7F0A23477D0D00E38CD3 /* VOX.swift in Sources */ = {isa = PBXBuildFile; fileRef = 3AFD7F0923477D0D00E38CD3 /* VOX.swift */; };
		3AFD7F0C23477D1B00E38CD3 /* VOXContent.swift in Sources */ = {isa = PBXBuildFile; fileRef = 3AFD7F0B23477D1B00E38CD3 /* VOXContent.swift */; };
		3AFD7F0E23477D2400E38CD3 /* VOXGenerator.swift in Sources */ = {isa = PBXBuildFile; fileRef = 3AFD7F0D23477D2400E38CD3 /* VOXGenerator.swift */; };
		3AFD7F1223477F2200E38CD3 /* VOXResolution.swift in Sources */ = {isa = PBXBuildFile; fileRef = 3AFD7F1123477F2200E38CD3 /* VOXResolution.swift */; };
		3AFD7F1523477FC100E38CD3 /* VOXResource.swift in Sources */ = {isa = PBXBuildFile; fileRef = 3AFD7F1423477FC100E38CD3 /* VOXResource.swift */; };
		40D9643A012DC365C672EF44 /* Pods_VoxelKit_tvOS.framework in Frameworks */ = {isa = PBXBuildFile; fileRef = F01BD56BAADEB9E47D1D6E54 /* Pods_VoxelKit_tvOS.framework */; };
		73A47D2EB9DB8B2C2C44E80B /* Pods_VoxelKit.framework in Frameworks */ = {isa = PBXBuildFile; fileRef = 0997B121D0972FCA9D2CB871 /* Pods_VoxelKit.framework */; };
		74844E82234895F100F99875 /* ColorVOX.swift in Sources */ = {isa = PBXBuildFile; fileRef = 74844E81234895F100F99875 /* ColorVOX.swift */; };
		74934E142351FFFD009D90E8 /* VOXOperators.swift in Sources */ = {isa = PBXBuildFile; fileRef = 74934E102351FFFD009D90E8 /* VOXOperators.swift */; };
		74934E152351FFFD009D90E8 /* VOXOperators.swift in Sources */ = {isa = PBXBuildFile; fileRef = 74934E102351FFFD009D90E8 /* VOXOperators.swift */; };
		74934E162351FFFD009D90E8 /* VOXOperators.swift in Sources */ = {isa = PBXBuildFile; fileRef = 74934E102351FFFD009D90E8 /* VOXOperators.swift */; };
		7495EB07234A0B1C00376100 /* VOXRender.swift in Sources */ = {isa = PBXBuildFile; fileRef = 7495EB03234A0B1C00376100 /* VOXRender.swift */; };
		7495EB08234A0B1C00376100 /* VOXRender.swift in Sources */ = {isa = PBXBuildFile; fileRef = 7495EB03234A0B1C00376100 /* VOXRender.swift */; };
		74F0CB68234BAEF0001EBF23 /* BlurVOX.swift in Sources */ = {isa = PBXBuildFile; fileRef = 74F0CB64234BAEF0001EBF23 /* BlurVOX.swift */; };
		74F0CB69234BAEF0001EBF23 /* BlurVOX.swift in Sources */ = {isa = PBXBuildFile; fileRef = 74F0CB64234BAEF0001EBF23 /* BlurVOX.swift */; };
		74F0CB6A234BAEF0001EBF23 /* BlurVOX.swift in Sources */ = {isa = PBXBuildFile; fileRef = 74F0CB64234BAEF0001EBF23 /* BlurVOX.swift */; };
		74F0CB6D234BAF1E001EBF23 /* QuantizeVOX.swift in Sources */ = {isa = PBXBuildFile; fileRef = 74F0CB6B234BAF1E001EBF23 /* QuantizeVOX.swift */; };
		74F0CB6E234BAF1E001EBF23 /* QuantizeVOX.swift in Sources */ = {isa = PBXBuildFile; fileRef = 74F0CB6B234BAF1E001EBF23 /* QuantizeVOX.swift */; };
		74F0CB6F234BAF1E001EBF23 /* QuantizeVOX.swift in Sources */ = {isa = PBXBuildFile; fileRef = 74F0CB6B234BAF1E001EBF23 /* QuantizeVOX.swift */; };
		74F0CB70234BAF1E001EBF23 /* ThresholdVOX.swift in Sources */ = {isa = PBXBuildFile; fileRef = 74F0CB6C234BAF1E001EBF23 /* ThresholdVOX.swift */; };
		74F0CB71234BAF1E001EBF23 /* ThresholdVOX.swift in Sources */ = {isa = PBXBuildFile; fileRef = 74F0CB6C234BAF1E001EBF23 /* ThresholdVOX.swift */; };
		74F0CB72234BAF1E001EBF23 /* ThresholdVOX.swift in Sources */ = {isa = PBXBuildFile; fileRef = 74F0CB6C234BAF1E001EBF23 /* ThresholdVOX.swift */; };
		74F0CB75234BAF53001EBF23 /* CrossVOX.swift in Sources */ = {isa = PBXBuildFile; fileRef = 74F0CB73234BAF53001EBF23 /* CrossVOX.swift */; };
		74F0CB76234BAF53001EBF23 /* CrossVOX.swift in Sources */ = {isa = PBXBuildFile; fileRef = 74F0CB73234BAF53001EBF23 /* CrossVOX.swift */; };
		74F0CB77234BAF53001EBF23 /* CrossVOX.swift in Sources */ = {isa = PBXBuildFile; fileRef = 74F0CB73234BAF53001EBF23 /* CrossVOX.swift */; };
		74F0CB78234BAF53001EBF23 /* DisplaceVOX.swift in Sources */ = {isa = PBXBuildFile; fileRef = 74F0CB74234BAF53001EBF23 /* DisplaceVOX.swift */; };
		74F0CB79234BAF53001EBF23 /* DisplaceVOX.swift in Sources */ = {isa = PBXBuildFile; fileRef = 74F0CB74234BAF53001EBF23 /* DisplaceVOX.swift */; };
		74F0CB7A234BAF53001EBF23 /* DisplaceVOX.swift in Sources */ = {isa = PBXBuildFile; fileRef = 74F0CB74234BAF53001EBF23 /* DisplaceVOX.swift */; };
		74F0CB7C234BB035001EBF23 /* LookupVOX.swift in Sources */ = {isa = PBXBuildFile; fileRef = 74F0CB7B234BB035001EBF23 /* LookupVOX.swift */; };
		74F0CB7D234BB035001EBF23 /* LookupVOX.swift in Sources */ = {isa = PBXBuildFile; fileRef = 74F0CB7B234BB035001EBF23 /* LookupVOX.swift */; };
		74F0CB7E234BB035001EBF23 /* LookupVOX.swift in Sources */ = {isa = PBXBuildFile; fileRef = 74F0CB7B234BB035001EBF23 /* LookupVOX.swift */; };
		74F0CB90234BB123001EBF23 /* TransformVOX.swift in Sources */ = {isa = PBXBuildFile; fileRef = 74F0CB8F234BB123001EBF23 /* TransformVOX.swift */; };
		74F0CB91234BB123001EBF23 /* TransformVOX.swift in Sources */ = {isa = PBXBuildFile; fileRef = 74F0CB8F234BB123001EBF23 /* TransformVOX.swift */; };
		74F0CB92234BB123001EBF23 /* TransformVOX.swift in Sources */ = {isa = PBXBuildFile; fileRef = 74F0CB8F234BB123001EBF23 /* TransformVOX.swift */; };
		964062DDF4252E4B9539881D /* Pods_VoxelKit_macOS.framework in Frameworks */ = {isa = PBXBuildFile; fileRef = 404A765C061062943568A786 /* Pods_VoxelKit_macOS.framework */; };
/* End PBXBuildFile section */

/* Begin PBXFileReference section */
		0405870B6DBED49C7B66FC86 /* Pods-VoxelKit.debug.xcconfig */ = {isa = PBXFileReference; includeInIndex = 1; lastKnownFileType = text.xcconfig; name = "Pods-VoxelKit.debug.xcconfig"; path = "Target Support Files/Pods-VoxelKit/Pods-VoxelKit.debug.xcconfig"; sourceTree = "<group>"; };
		0997B121D0972FCA9D2CB871 /* Pods_VoxelKit.framework */ = {isa = PBXFileReference; explicitFileType = wrapper.framework; includeInIndex = 0; path = Pods_VoxelKit.framework; sourceTree = BUILT_PRODUCTS_DIR; };
		2469DBDD1021259D49A0CBE3 /* Pods-VoxelKit-macOS.release.xcconfig */ = {isa = PBXFileReference; includeInIndex = 1; lastKnownFileType = text.xcconfig; name = "Pods-VoxelKit-macOS.release.xcconfig"; path = "Target Support Files/Pods-VoxelKit-macOS/Pods-VoxelKit-macOS.release.xcconfig"; sourceTree = "<group>"; };
		3530B0CC2F60E5F4C6C4B2BE /* Pods-VoxelKit.release.xcconfig */ = {isa = PBXFileReference; includeInIndex = 1; lastKnownFileType = text.xcconfig; name = "Pods-VoxelKit.release.xcconfig"; path = "Target Support Files/Pods-VoxelKit/Pods-VoxelKit.release.xcconfig"; sourceTree = "<group>"; };
		3A07AA5623448D4400D3F0CE /* VoxelKit.framework */ = {isa = PBXFileReference; explicitFileType = wrapper.framework; includeInIndex = 0; path = VoxelKit.framework; sourceTree = BUILT_PRODUCTS_DIR; };
		3A07AA5923448D4400D3F0CE /* VoxelKit.h */ = {isa = PBXFileReference; lastKnownFileType = sourcecode.c.h; path = VoxelKit.h; sourceTree = "<group>"; };
		3A07AA692344953400D3F0CE /* VoxelKit_macOS.framework */ = {isa = PBXFileReference; explicitFileType = wrapper.framework; includeInIndex = 0; path = VoxelKit_macOS.framework; sourceTree = BUILT_PRODUCTS_DIR; };
		3A07AA6B2344953400D3F0CE /* VoxelKit_macOS.h */ = {isa = PBXFileReference; lastKnownFileType = sourcecode.c.h; path = VoxelKit_macOS.h; sourceTree = "<group>"; };
		3A07AA6C2344953400D3F0CE /* Info.plist */ = {isa = PBXFileReference; lastKnownFileType = text.plist.xml; path = Info.plist; sourceTree = "<group>"; };
		3A07AA86234497EE00D3F0CE /* GradientVOX.swift */ = {isa = PBXFileReference; lastKnownFileType = sourcecode.swift; path = GradientVOX.swift; sourceTree = "<group>"; };
		3A07AA88234498B900D3F0CE /* VoxelKit.swift */ = {isa = PBXFileReference; lastKnownFileType = sourcecode.swift; path = VoxelKit.swift; sourceTree = "<group>"; };
		3A07AA8A234498F100D3F0CE /* VoxelTypes.swift */ = {isa = PBXFileReference; lastKnownFileType = sourcecode.swift; path = VoxelTypes.swift; sourceTree = "<group>"; };
		3A61CE48234B30CF001D731F /* SphereVOX.swift */ = {isa = PBXFileReference; lastKnownFileType = sourcecode.swift; path = SphereVOX.swift; sourceTree = "<group>"; };
		3A61CE69234B4EAD001D731F /* VOXEffect.swift */ = {isa = PBXFileReference; fileEncoding = 4; lastKnownFileType = sourcecode.swift; path = VOXEffect.swift; sourceTree = "<group>"; };
		3A61CE6D234B4EB5001D731F /* VOXSingleEffect.swift */ = {isa = PBXFileReference; fileEncoding = 4; lastKnownFileType = sourcecode.swift; path = VOXSingleEffect.swift; sourceTree = "<group>"; };
		3A61CE71234B4F0B001D731F /* ResolutionVOX.swift */ = {isa = PBXFileReference; fileEncoding = 4; lastKnownFileType = sourcecode.swift; path = ResolutionVOX.swift; sourceTree = "<group>"; };
		3A61CE7E234B67C8001D731F /* MetalPerformanceShaders.framework */ = {isa = PBXFileReference; lastKnownFileType = wrapper.framework; name = MetalPerformanceShaders.framework; path = Platforms/MacOSX.platform/Developer/SDKs/MacOSX10.15.sdk/System/Library/Frameworks/MetalPerformanceShaders.framework; sourceTree = DEVELOPER_DIR; };
		3A61CE88234B6828001D731F /* VoxelKit_tvOS.framework */ = {isa = PBXFileReference; explicitFileType = wrapper.framework; includeInIndex = 0; path = VoxelKit_tvOS.framework; sourceTree = BUILT_PRODUCTS_DIR; };
		3A61CE8A234B6828001D731F /* VoxelKit_tvOS.h */ = {isa = PBXFileReference; lastKnownFileType = sourcecode.c.h; name = VoxelKit_tvOS.h; path = "../VoxelKit-tvOS/VoxelKit_tvOS.h"; sourceTree = "<group>"; };
		3A61CEA8234B8007001D731F /* LevelsVOX.swift */ = {isa = PBXFileReference; fileEncoding = 4; lastKnownFileType = sourcecode.swift; path = LevelsVOX.swift; sourceTree = "<group>"; };
		3A61CEB9234B833B001D731F /* EdgeVOX.swift */ = {isa = PBXFileReference; fileEncoding = 4; lastKnownFileType = sourcecode.swift; path = EdgeVOX.swift; sourceTree = "<group>"; };
		3A61CEC5234B8636001D731F /* VOXMergerEffect.swift */ = {isa = PBXFileReference; fileEncoding = 4; lastKnownFileType = sourcecode.swift; path = VOXMergerEffect.swift; sourceTree = "<group>"; };
		3A61CEC9234B86B8001D731F /* BlendVOX.swift */ = {isa = PBXFileReference; fileEncoding = 4; lastKnownFileType = sourcecode.swift; path = BlendVOX.swift; sourceTree = "<group>"; };
		3A8D7E2B234E075B00DC555E /* ObjectVOX.swift */ = {isa = PBXFileReference; lastKnownFileType = sourcecode.swift; path = ObjectVOX.swift; sourceTree = "<group>"; };
		3A906376234C79E700172ED4 /* NoiseVOX.swift */ = {isa = PBXFileReference; fileEncoding = 4; lastKnownFileType = sourcecode.swift; path = NoiseVOX.swift; sourceTree = "<group>"; };
		3A906383234C863100172ED4 /* FeedbackVOX.swift */ = {isa = PBXFileReference; fileEncoding = 4; lastKnownFileType = sourcecode.swift; path = FeedbackVOX.swift; sourceTree = "<group>"; };
		3A90638D234C8BE000172ED4 /* README.md */ = {isa = PBXFileReference; lastKnownFileType = net.daringfireball.markdown; path = README.md; sourceTree = "<group>"; };
		3AB7CB2D2359D361003C4299 /* KaleidoscopeVOX.swift */ = {isa = PBXFileReference; fileEncoding = 4; lastKnownFileType = sourcecode.swift; path = KaleidoscopeVOX.swift; sourceTree = "<group>"; };
		3AD352F1235DDEC700331E62 /* BoxVOX.swift */ = {isa = PBXFileReference; lastKnownFileType = sourcecode.swift; path = BoxVOX.swift; sourceTree = "<group>"; };
		3AFD7F0923477D0D00E38CD3 /* VOX.swift */ = {isa = PBXFileReference; lastKnownFileType = sourcecode.swift; path = VOX.swift; sourceTree = "<group>"; };
		3AFD7F0B23477D1B00E38CD3 /* VOXContent.swift */ = {isa = PBXFileReference; lastKnownFileType = sourcecode.swift; path = VOXContent.swift; sourceTree = "<group>"; };
		3AFD7F0D23477D2400E38CD3 /* VOXGenerator.swift */ = {isa = PBXFileReference; lastKnownFileType = sourcecode.swift; path = VOXGenerator.swift; sourceTree = "<group>"; };
		3AFD7F1123477F2200E38CD3 /* VOXResolution.swift */ = {isa = PBXFileReference; lastKnownFileType = sourcecode.swift; path = VOXResolution.swift; sourceTree = "<group>"; };
		3AFD7F1423477FC100E38CD3 /* VOXResource.swift */ = {isa = PBXFileReference; lastKnownFileType = sourcecode.swift; path = VOXResource.swift; sourceTree = "<group>"; };
		404A765C061062943568A786 /* Pods_VoxelKit_macOS.framework */ = {isa = PBXFileReference; explicitFileType = wrapper.framework; includeInIndex = 0; path = Pods_VoxelKit_macOS.framework; sourceTree = BUILT_PRODUCTS_DIR; };
		6C800D4DE75D38C2945C76DA /* Pods-VoxelKit-tvOS.debug.xcconfig */ = {isa = PBXFileReference; includeInIndex = 1; lastKnownFileType = text.xcconfig; name = "Pods-VoxelKit-tvOS.debug.xcconfig"; path = "Target Support Files/Pods-VoxelKit-tvOS/Pods-VoxelKit-tvOS.debug.xcconfig"; sourceTree = "<group>"; };
		74844E77234893AF00F99875 /* VoxelKitShaders.xcodeproj */ = {isa = PBXFileReference; lastKnownFileType = "wrapper.pb-project"; name = VoxelKitShaders.xcodeproj; path = Resources/VoxelKitShaders.xcodeproj; sourceTree = "<group>"; };
		74844E81234895F100F99875 /* ColorVOX.swift */ = {isa = PBXFileReference; lastKnownFileType = sourcecode.swift; path = ColorVOX.swift; sourceTree = "<group>"; };
		74934E102351FFFD009D90E8 /* VOXOperators.swift */ = {isa = PBXFileReference; fileEncoding = 4; lastKnownFileType = sourcecode.swift; path = VOXOperators.swift; sourceTree = "<group>"; };
		7495EB03234A0B1C00376100 /* VOXRender.swift */ = {isa = PBXFileReference; fileEncoding = 4; lastKnownFileType = sourcecode.swift; path = VOXRender.swift; sourceTree = "<group>"; };
		74F0CB64234BAEF0001EBF23 /* BlurVOX.swift */ = {isa = PBXFileReference; fileEncoding = 4; lastKnownFileType = sourcecode.swift; path = BlurVOX.swift; sourceTree = "<group>"; };
		74F0CB6B234BAF1E001EBF23 /* QuantizeVOX.swift */ = {isa = PBXFileReference; fileEncoding = 4; lastKnownFileType = sourcecode.swift; path = QuantizeVOX.swift; sourceTree = "<group>"; };
		74F0CB6C234BAF1E001EBF23 /* ThresholdVOX.swift */ = {isa = PBXFileReference; fileEncoding = 4; lastKnownFileType = sourcecode.swift; path = ThresholdVOX.swift; sourceTree = "<group>"; };
		74F0CB73234BAF53001EBF23 /* CrossVOX.swift */ = {isa = PBXFileReference; fileEncoding = 4; lastKnownFileType = sourcecode.swift; path = CrossVOX.swift; sourceTree = "<group>"; };
		74F0CB74234BAF53001EBF23 /* DisplaceVOX.swift */ = {isa = PBXFileReference; fileEncoding = 4; lastKnownFileType = sourcecode.swift; path = DisplaceVOX.swift; sourceTree = "<group>"; };
		74F0CB7B234BB035001EBF23 /* LookupVOX.swift */ = {isa = PBXFileReference; fileEncoding = 4; lastKnownFileType = sourcecode.swift; path = LookupVOX.swift; sourceTree = "<group>"; };
		74F0CB8F234BB123001EBF23 /* TransformVOX.swift */ = {isa = PBXFileReference; fileEncoding = 4; lastKnownFileType = sourcecode.swift; path = TransformVOX.swift; sourceTree = "<group>"; };
		D46AE5F5EE13D8480C76C8FF /* Pods-VoxelKit-macOS.debug.xcconfig */ = {isa = PBXFileReference; includeInIndex = 1; lastKnownFileType = text.xcconfig; name = "Pods-VoxelKit-macOS.debug.xcconfig"; path = "Target Support Files/Pods-VoxelKit-macOS/Pods-VoxelKit-macOS.debug.xcconfig"; sourceTree = "<group>"; };
		F01BD56BAADEB9E47D1D6E54 /* Pods_VoxelKit_tvOS.framework */ = {isa = PBXFileReference; explicitFileType = wrapper.framework; includeInIndex = 0; path = Pods_VoxelKit_tvOS.framework; sourceTree = BUILT_PRODUCTS_DIR; };
		FD68E41ECE0E6436A889544F /* Pods-VoxelKit-tvOS.release.xcconfig */ = {isa = PBXFileReference; includeInIndex = 1; lastKnownFileType = text.xcconfig; name = "Pods-VoxelKit-tvOS.release.xcconfig"; path = "Target Support Files/Pods-VoxelKit-tvOS/Pods-VoxelKit-tvOS.release.xcconfig"; sourceTree = "<group>"; };
/* End PBXFileReference section */

/* Begin PBXFrameworksBuildPhase section */
		3A07AA5323448D4400D3F0CE /* Frameworks */ = {
			isa = PBXFrameworksBuildPhase;
			buildActionMask = 2147483647;
			files = (
				73A47D2EB9DB8B2C2C44E80B /* Pods_VoxelKit.framework in Frameworks */,
			);
			runOnlyForDeploymentPostprocessing = 0;
		};
		3A07AA662344953400D3F0CE /* Frameworks */ = {
			isa = PBXFrameworksBuildPhase;
			buildActionMask = 2147483647;
			files = (
				964062DDF4252E4B9539881D /* Pods_VoxelKit_macOS.framework in Frameworks */,
			);
			runOnlyForDeploymentPostprocessing = 0;
		};
		3A61CE85234B6828001D731F /* Frameworks */ = {
			isa = PBXFrameworksBuildPhase;
			buildActionMask = 2147483647;
			files = (
				40D9643A012DC365C672EF44 /* Pods_VoxelKit_tvOS.framework in Frameworks */,
			);
			runOnlyForDeploymentPostprocessing = 0;
		};
/* End PBXFrameworksBuildPhase section */

/* Begin PBXGroup section */
		3A07AA4C23448D4400D3F0CE = {
			isa = PBXGroup;
			children = (
				3A90638D234C8BE000172ED4 /* README.md */,
				3A07AA5823448D4400D3F0CE /* Source */,
				3A07AA6A2344953400D3F0CE /* Resources */,
				3A07AA5723448D4400D3F0CE /* Products */,
				45A9E1A5B7D5A3FD5D66869E /* Pods */,
				74844E77234893AF00F99875 /* VoxelKitShaders.xcodeproj */,
				764FCC7406EAE9D7370AAA57 /* Frameworks */,
			);
			sourceTree = "<group>";
		};
		3A07AA5723448D4400D3F0CE /* Products */ = {
			isa = PBXGroup;
			children = (
				3A07AA5623448D4400D3F0CE /* VoxelKit.framework */,
				3A07AA692344953400D3F0CE /* VoxelKit_macOS.framework */,
				3A61CE88234B6828001D731F /* VoxelKit_tvOS.framework */,
			);
			name = Products;
			sourceTree = "<group>";
		};
		3A07AA5823448D4400D3F0CE /* Source */ = {
			isa = PBXGroup;
			children = (
				3A07AA5923448D4400D3F0CE /* VoxelKit.h */,
				3A07AA6B2344953400D3F0CE /* VoxelKit_macOS.h */,
				3A61CE8A234B6828001D731F /* VoxelKit_tvOS.h */,
				3A07AA88234498B900D3F0CE /* VoxelKit.swift */,
				3A07AA8A234498F100D3F0CE /* VoxelTypes.swift */,
				3A07AA7E2344960C00D3F0CE /* VOX */,
			);
			path = Source;
			sourceTree = "<group>";
		};
		3A07AA6A2344953400D3F0CE /* Resources */ = {
			isa = PBXGroup;
			children = (
				3A07AA6C2344953400D3F0CE /* Info.plist */,
			);
			path = Resources;
			sourceTree = "<group>";
		};
		3A07AA7E2344960C00D3F0CE /* VOX */ = {
			isa = PBXGroup;
			children = (
				3AFD7F0923477D0D00E38CD3 /* VOX.swift */,
				3AFD7F1123477F2200E38CD3 /* VOXResolution.swift */,
				7495EB03234A0B1C00376100 /* VOXRender.swift */,
				74934E102351FFFD009D90E8 /* VOXOperators.swift */,
				3A07AA812344965E00D3F0CE /* VOXs */,
			);
			path = VOX;
			sourceTree = "<group>";
		};
		3A07AA812344965E00D3F0CE /* VOXs */ = {
			isa = PBXGroup;
			children = (
				3A07AA822344967200D3F0CE /* Content */,
				3A61CE5C234B4E6F001D731F /* Effects */,
			);
			path = VOXs;
			sourceTree = "<group>";
		};
		3A07AA822344967200D3F0CE /* Content */ = {
			isa = PBXGroup;
			children = (
				3AFD7F0B23477D1B00E38CD3 /* VOXContent.swift */,
				3AFD7F1323477FB500E38CD3 /* Resource */,
				3A07AA832344967F00D3F0CE /* Generator */,
			);
			path = Content;
			sourceTree = "<group>";
		};
		3A07AA832344967F00D3F0CE /* Generator */ = {
			isa = PBXGroup;
			children = (
				3AFD7F0D23477D2400E38CD3 /* VOXGenerator.swift */,
				74844E81234895F100F99875 /* ColorVOX.swift */,
				3A07AA86234497EE00D3F0CE /* GradientVOX.swift */,
				3A61CE48234B30CF001D731F /* SphereVOX.swift */,
				3A906376234C79E700172ED4 /* NoiseVOX.swift */,
				3AD352F1235DDEC700331E62 /* BoxVOX.swift */,
			);
			path = Generator;
			sourceTree = "<group>";
		};
		3A61CE5C234B4E6F001D731F /* Effects */ = {
			isa = PBXGroup;
			children = (
				3A61CE69234B4EAD001D731F /* VOXEffect.swift */,
				3A61CE60234B4E76001D731F /* Single */,
				3A61CEC4234B8620001D731F /* Merger */,
			);
			path = Effects;
			sourceTree = "<group>";
		};
		3A61CE60234B4E76001D731F /* Single */ = {
			isa = PBXGroup;
			children = (
				3A61CE6D234B4EB5001D731F /* VOXSingleEffect.swift */,
				3A61CE71234B4F0B001D731F /* ResolutionVOX.swift */,
				3A61CEA8234B8007001D731F /* LevelsVOX.swift */,
				3A61CEB9234B833B001D731F /* EdgeVOX.swift */,
				74F0CB64234BAEF0001EBF23 /* BlurVOX.swift */,
				74F0CB6B234BAF1E001EBF23 /* QuantizeVOX.swift */,
				74F0CB6C234BAF1E001EBF23 /* ThresholdVOX.swift */,
				74F0CB8F234BB123001EBF23 /* TransformVOX.swift */,
				3A906383234C863100172ED4 /* FeedbackVOX.swift */,
				3AB7CB2D2359D361003C4299 /* KaleidoscopeVOX.swift */,
			);
			path = Single;
			sourceTree = "<group>";
		};
		3A61CEC4234B8620001D731F /* Merger */ = {
			isa = PBXGroup;
			children = (
				3A61CEC5234B8636001D731F /* VOXMergerEffect.swift */,
				3A61CEC9234B86B8001D731F /* BlendVOX.swift */,
				74F0CB73234BAF53001EBF23 /* CrossVOX.swift */,
				74F0CB74234BAF53001EBF23 /* DisplaceVOX.swift */,
				74F0CB7B234BB035001EBF23 /* LookupVOX.swift */,
			);
			path = Merger;
			sourceTree = "<group>";
		};
		3AFD7F1323477FB500E38CD3 /* Resource */ = {
			isa = PBXGroup;
			children = (
				3AFD7F1423477FC100E38CD3 /* VOXResource.swift */,
				3A8D7E2B234E075B00DC555E /* ObjectVOX.swift */,
			);
			path = Resource;
			sourceTree = "<group>";
		};
		45A9E1A5B7D5A3FD5D66869E /* Pods */ = {
			isa = PBXGroup;
			children = (
				0405870B6DBED49C7B66FC86 /* Pods-VoxelKit.debug.xcconfig */,
				3530B0CC2F60E5F4C6C4B2BE /* Pods-VoxelKit.release.xcconfig */,
				D46AE5F5EE13D8480C76C8FF /* Pods-VoxelKit-macOS.debug.xcconfig */,
				2469DBDD1021259D49A0CBE3 /* Pods-VoxelKit-macOS.release.xcconfig */,
				6C800D4DE75D38C2945C76DA /* Pods-VoxelKit-tvOS.debug.xcconfig */,
				FD68E41ECE0E6436A889544F /* Pods-VoxelKit-tvOS.release.xcconfig */,
			);
			path = Pods;
			sourceTree = "<group>";
		};
		74844E78234893AF00F99875 /* Products */ = {
			isa = PBXGroup;
			children = (
			);
			name = Products;
			sourceTree = "<group>";
		};
		764FCC7406EAE9D7370AAA57 /* Frameworks */ = {
			isa = PBXGroup;
			children = (
				3A61CE7E234B67C8001D731F /* MetalPerformanceShaders.framework */,
				0997B121D0972FCA9D2CB871 /* Pods_VoxelKit.framework */,
				404A765C061062943568A786 /* Pods_VoxelKit_macOS.framework */,
				F01BD56BAADEB9E47D1D6E54 /* Pods_VoxelKit_tvOS.framework */,
			);
			name = Frameworks;
			sourceTree = "<group>";
		};
/* End PBXGroup section */

/* Begin PBXHeadersBuildPhase section */
		3A07AA5123448D4400D3F0CE /* Headers */ = {
			isa = PBXHeadersBuildPhase;
			buildActionMask = 2147483647;
			files = (
				3A07AA5B23448D4400D3F0CE /* VoxelKit.h in Headers */,
			);
			runOnlyForDeploymentPostprocessing = 0;
		};
		3A07AA642344953400D3F0CE /* Headers */ = {
			isa = PBXHeadersBuildPhase;
			buildActionMask = 2147483647;
			files = (
			);
			runOnlyForDeploymentPostprocessing = 0;
		};
		3A61CE83234B6828001D731F /* Headers */ = {
			isa = PBXHeadersBuildPhase;
			buildActionMask = 2147483647;
			files = (
				3A61CE8C234B6828001D731F /* VoxelKit_tvOS.h in Headers */,
			);
			runOnlyForDeploymentPostprocessing = 0;
		};
/* End PBXHeadersBuildPhase section */

/* Begin PBXNativeTarget section */
		3A07AA5523448D4400D3F0CE /* VoxelKit */ = {
			isa = PBXNativeTarget;
			buildConfigurationList = 3A07AA5E23448D4400D3F0CE /* Build configuration list for PBXNativeTarget "VoxelKit" */;
			buildPhases = (
				5485209DE112301B86BE1623 /* [CP] Check Pods Manifest.lock */,
				3A07AA5123448D4400D3F0CE /* Headers */,
				3A07AA5223448D4400D3F0CE /* Sources */,
				3A07AA5323448D4400D3F0CE /* Frameworks */,
				3A07AA5423448D4400D3F0CE /* Resources */,
			);
			buildRules = (
			);
			dependencies = (
			);
			name = VoxelKit;
			productName = VoxelKit;
			productReference = 3A07AA5623448D4400D3F0CE /* VoxelKit.framework */;
			productType = "com.apple.product-type.framework";
		};
		3A07AA682344953400D3F0CE /* VoxelKit-macOS */ = {
			isa = PBXNativeTarget;
			buildConfigurationList = 3A07AA702344953400D3F0CE /* Build configuration list for PBXNativeTarget "VoxelKit-macOS" */;
			buildPhases = (
				5194B8E57E71F53EBB107361 /* [CP] Check Pods Manifest.lock */,
				3A07AA642344953400D3F0CE /* Headers */,
				3A07AA652344953400D3F0CE /* Sources */,
				3A07AA662344953400D3F0CE /* Frameworks */,
				3A07AA672344953400D3F0CE /* Resources */,
			);
			buildRules = (
			);
			dependencies = (
			);
			name = "VoxelKit-macOS";
			productName = "VoxelKit-macOS";
			productReference = 3A07AA692344953400D3F0CE /* VoxelKit_macOS.framework */;
			productType = "com.apple.product-type.framework";
		};
		3A61CE87234B6828001D731F /* VoxelKit-tvOS */ = {
			isa = PBXNativeTarget;
			buildConfigurationList = 3A61CE8D234B6828001D731F /* Build configuration list for PBXNativeTarget "VoxelKit-tvOS" */;
			buildPhases = (
				874BA1016FD76971E55F2D6A /* [CP] Check Pods Manifest.lock */,
				3A61CE83234B6828001D731F /* Headers */,
				3A61CE84234B6828001D731F /* Sources */,
				3A61CE85234B6828001D731F /* Frameworks */,
				3A61CE86234B6828001D731F /* Resources */,
			);
			buildRules = (
			);
			dependencies = (
			);
			name = "VoxelKit-tvOS";
			productName = "VoxelKit-tvOS";
			productReference = 3A61CE88234B6828001D731F /* VoxelKit_tvOS.framework */;
			productType = "com.apple.product-type.framework";
		};
/* End PBXNativeTarget section */

/* Begin PBXProject section */
		3A07AA4D23448D4400D3F0CE /* Project object */ = {
			isa = PBXProject;
			attributes = {
				LastUpgradeCheck = 1100;
				ORGANIZATIONNAME = Hexagons;
				TargetAttributes = {
					3A07AA5523448D4400D3F0CE = {
						CreatedOnToolsVersion = 11.0;
						LastSwiftMigration = 1100;
					};
					3A07AA682344953400D3F0CE = {
						CreatedOnToolsVersion = 11.0;
					};
					3A61CE87234B6828001D731F = {
						CreatedOnToolsVersion = 11.0;
					};
				};
			};
			buildConfigurationList = 3A07AA5023448D4400D3F0CE /* Build configuration list for PBXProject "VoxelKit" */;
			compatibilityVersion = "Xcode 9.3";
			developmentRegion = en;
			hasScannedForEncodings = 0;
			knownRegions = (
				en,
				Base,
			);
			mainGroup = 3A07AA4C23448D4400D3F0CE;
			productRefGroup = 3A07AA5723448D4400D3F0CE /* Products */;
			projectDirPath = "";
			projectReferences = (
				{
					ProductGroup = 74844E78234893AF00F99875 /* Products */;
					ProjectRef = 74844E77234893AF00F99875 /* VoxelKitShaders.xcodeproj */;
				},
			);
			projectRoot = "";
			targets = (
				3A07AA5523448D4400D3F0CE /* VoxelKit */,
				3A07AA682344953400D3F0CE /* VoxelKit-macOS */,
				3A61CE87234B6828001D731F /* VoxelKit-tvOS */,
			);
		};
/* End PBXProject section */

/* Begin PBXResourcesBuildPhase section */
		3A07AA5423448D4400D3F0CE /* Resources */ = {
			isa = PBXResourcesBuildPhase;
			buildActionMask = 2147483647;
			files = (
			);
			runOnlyForDeploymentPostprocessing = 0;
		};
		3A07AA672344953400D3F0CE /* Resources */ = {
			isa = PBXResourcesBuildPhase;
			buildActionMask = 2147483647;
			files = (
			);
			runOnlyForDeploymentPostprocessing = 0;
		};
		3A61CE86234B6828001D731F /* Resources */ = {
			isa = PBXResourcesBuildPhase;
			buildActionMask = 2147483647;
			files = (
			);
			runOnlyForDeploymentPostprocessing = 0;
		};
/* End PBXResourcesBuildPhase section */

/* Begin PBXShellScriptBuildPhase section */
		5194B8E57E71F53EBB107361 /* [CP] Check Pods Manifest.lock */ = {
			isa = PBXShellScriptBuildPhase;
			buildActionMask = 2147483647;
			files = (
			);
			inputFileListPaths = (
			);
			inputPaths = (
				"${PODS_PODFILE_DIR_PATH}/Podfile.lock",
				"${PODS_ROOT}/Manifest.lock",
			);
			name = "[CP] Check Pods Manifest.lock";
			outputFileListPaths = (
			);
			outputPaths = (
				"$(DERIVED_FILE_DIR)/Pods-VoxelKit-macOS-checkManifestLockResult.txt",
			);
			runOnlyForDeploymentPostprocessing = 0;
			shellPath = /bin/sh;
			shellScript = "diff \"${PODS_PODFILE_DIR_PATH}/Podfile.lock\" \"${PODS_ROOT}/Manifest.lock\" > /dev/null\nif [ $? != 0 ] ; then\n    # print error to STDERR\n    echo \"error: The sandbox is not in sync with the Podfile.lock. Run 'pod install' or update your CocoaPods installation.\" >&2\n    exit 1\nfi\n# This output is used by Xcode 'outputs' to avoid re-running this script phase.\necho \"SUCCESS\" > \"${SCRIPT_OUTPUT_FILE_0}\"\n";
			showEnvVarsInLog = 0;
		};
		5485209DE112301B86BE1623 /* [CP] Check Pods Manifest.lock */ = {
			isa = PBXShellScriptBuildPhase;
			buildActionMask = 2147483647;
			files = (
			);
			inputFileListPaths = (
			);
			inputPaths = (
				"${PODS_PODFILE_DIR_PATH}/Podfile.lock",
				"${PODS_ROOT}/Manifest.lock",
			);
			name = "[CP] Check Pods Manifest.lock";
			outputFileListPaths = (
			);
			outputPaths = (
				"$(DERIVED_FILE_DIR)/Pods-VoxelKit-checkManifestLockResult.txt",
			);
			runOnlyForDeploymentPostprocessing = 0;
			shellPath = /bin/sh;
			shellScript = "diff \"${PODS_PODFILE_DIR_PATH}/Podfile.lock\" \"${PODS_ROOT}/Manifest.lock\" > /dev/null\nif [ $? != 0 ] ; then\n    # print error to STDERR\n    echo \"error: The sandbox is not in sync with the Podfile.lock. Run 'pod install' or update your CocoaPods installation.\" >&2\n    exit 1\nfi\n# This output is used by Xcode 'outputs' to avoid re-running this script phase.\necho \"SUCCESS\" > \"${SCRIPT_OUTPUT_FILE_0}\"\n";
			showEnvVarsInLog = 0;
		};
		874BA1016FD76971E55F2D6A /* [CP] Check Pods Manifest.lock */ = {
			isa = PBXShellScriptBuildPhase;
			buildActionMask = 2147483647;
			files = (
			);
			inputFileListPaths = (
			);
			inputPaths = (
				"${PODS_PODFILE_DIR_PATH}/Podfile.lock",
				"${PODS_ROOT}/Manifest.lock",
			);
			name = "[CP] Check Pods Manifest.lock";
			outputFileListPaths = (
			);
			outputPaths = (
				"$(DERIVED_FILE_DIR)/Pods-VoxelKit-tvOS-checkManifestLockResult.txt",
			);
			runOnlyForDeploymentPostprocessing = 0;
			shellPath = /bin/sh;
			shellScript = "diff \"${PODS_PODFILE_DIR_PATH}/Podfile.lock\" \"${PODS_ROOT}/Manifest.lock\" > /dev/null\nif [ $? != 0 ] ; then\n    # print error to STDERR\n    echo \"error: The sandbox is not in sync with the Podfile.lock. Run 'pod install' or update your CocoaPods installation.\" >&2\n    exit 1\nfi\n# This output is used by Xcode 'outputs' to avoid re-running this script phase.\necho \"SUCCESS\" > \"${SCRIPT_OUTPUT_FILE_0}\"\n";
			showEnvVarsInLog = 0;
		};
/* End PBXShellScriptBuildPhase section */

/* Begin PBXSourcesBuildPhase section */
		3A07AA5223448D4400D3F0CE /* Sources */ = {
			isa = PBXSourcesBuildPhase;
			buildActionMask = 2147483647;
			files = (
				3AFD7F1523477FC100E38CD3 /* VOXResource.swift in Sources */,
				3A07AA87234497EE00D3F0CE /* GradientVOX.swift in Sources */,
				3A90637A234C79E700172ED4 /* NoiseVOX.swift in Sources */,
				74F0CB6D234BAF1E001EBF23 /* QuantizeVOX.swift in Sources */,
				3AFD7F0C23477D1B00E38CD3 /* VOXContent.swift in Sources */,
				3A61CECA234B86B8001D731F /* BlendVOX.swift in Sources */,
				3AB7CB312359D361003C4299 /* KaleidoscopeVOX.swift in Sources */,
				3A07AA8B234498F100D3F0CE /* VoxelTypes.swift in Sources */,
				3AFD7F0A23477D0D00E38CD3 /* VOX.swift in Sources */,
				3A61CE72234B4F0B001D731F /* ResolutionVOX.swift in Sources */,
				7495EB07234A0B1C00376100 /* VOXRender.swift in Sources */,
				3AFD7F0E23477D2400E38CD3 /* VOXGenerator.swift in Sources */,
				3AD352F2235DDEC700331E62 /* BoxVOX.swift in Sources */,
				74F0CB75234BAF53001EBF23 /* CrossVOX.swift in Sources */,
				3A61CEC6234B8636001D731F /* VOXMergerEffect.swift in Sources */,
				74F0CB90234BB123001EBF23 /* TransformVOX.swift in Sources */,
				3A61CE49234B30CF001D731F /* SphereVOX.swift in Sources */,
				74F0CB70234BAF1E001EBF23 /* ThresholdVOX.swift in Sources */,
				3A61CEAC234B8007001D731F /* LevelsVOX.swift in Sources */,
				3A61CEBD234B833B001D731F /* EdgeVOX.swift in Sources */,
				74F0CB68234BAEF0001EBF23 /* BlurVOX.swift in Sources */,
				74F0CB7C234BB035001EBF23 /* LookupVOX.swift in Sources */,
				3A61CE6E234B4EB5001D731F /* VOXSingleEffect.swift in Sources */,
				3A906387234C863100172ED4 /* FeedbackVOX.swift in Sources */,
				3A61CE6A234B4EAD001D731F /* VOXEffect.swift in Sources */,
				3A07AA89234498B900D3F0CE /* VoxelKit.swift in Sources */,
				74844E82234895F100F99875 /* ColorVOX.swift in Sources */,
				3AFD7F1223477F2200E38CD3 /* VOXResolution.swift in Sources */,
				74934E142351FFFD009D90E8 /* VOXOperators.swift in Sources */,
				74F0CB78234BAF53001EBF23 /* DisplaceVOX.swift in Sources */,
				3A8D7E2C234E075B00DC555E /* ObjectVOX.swift in Sources */,
			);
			runOnlyForDeploymentPostprocessing = 0;
		};
		3A07AA652344953400D3F0CE /* Sources */ = {
			isa = PBXSourcesBuildPhase;
			buildActionMask = 2147483647;
			files = (
				3A61CE9F234B6992001D731F /* VOXResolution.swift in Sources */,
				3A07AA90234498F900D3F0CE /* GradientVOX.swift in Sources */,
				3A90637B234C79E700172ED4 /* NoiseVOX.swift in Sources */,
				74F0CB6E234BAF1E001EBF23 /* QuantizeVOX.swift in Sources */,
				3A61CE9E234B6992001D731F /* VOX.swift in Sources */,
				3AD352FB235DDF5200331E62 /* BoxVOX.swift in Sources */,
				3A61CECB234B86B8001D731F /* BlendVOX.swift in Sources */,
				3A61CE6B234B4EAD001D731F /* VOXEffect.swift in Sources */,
				3A61CE6F234B4EB5001D731F /* VOXSingleEffect.swift in Sources */,
				3A61CEA0234B6992001D731F /* VOXContent.swift in Sources */,
				3A07AA8C234498F900D3F0CE /* VoxelKit.swift in Sources */,
				3A61CEA1234B6992001D731F /* VOXResource.swift in Sources */,
				3AB7CB322359D361003C4299 /* KaleidoscopeVOX.swift in Sources */,
				74F0CB76234BAF53001EBF23 /* CrossVOX.swift in Sources */,
				3A61CEC7234B8636001D731F /* VOXMergerEffect.swift in Sources */,
				74934E152351FFFD009D90E8 /* VOXOperators.swift in Sources */,
				74F0CB91234BB123001EBF23 /* TransformVOX.swift in Sources */,
				3A07AA8D234498F900D3F0CE /* VoxelTypes.swift in Sources */,
				74F0CB71234BAF1E001EBF23 /* ThresholdVOX.swift in Sources */,
				3A61CEAD234B8007001D731F /* LevelsVOX.swift in Sources */,
				3A61CEBE234B833B001D731F /* EdgeVOX.swift in Sources */,
				74F0CB69234BAEF0001EBF23 /* BlurVOX.swift in Sources */,
				74F0CB7D234BB035001EBF23 /* LookupVOX.swift in Sources */,
				3A61CEA2234B6992001D731F /* VOXGenerator.swift in Sources */,
				3A906388234C863100172ED4 /* FeedbackVOX.swift in Sources */,
				3A61CEA4234B6992001D731F /* SphereVOX.swift in Sources */,
				3A61CE73234B4F0B001D731F /* ResolutionVOX.swift in Sources */,
				3A61CEA3234B6992001D731F /* ColorVOX.swift in Sources */,
				7495EB08234A0B1C00376100 /* VOXRender.swift in Sources */,
				74F0CB79234BAF53001EBF23 /* DisplaceVOX.swift in Sources */,
			);
			runOnlyForDeploymentPostprocessing = 0;
		};
		3A61CE84234B6828001D731F /* Sources */ = {
			isa = PBXSourcesBuildPhase;
			buildActionMask = 2147483647;
			files = (
				3A61CE96234B6992001D731F /* VOXContent.swift in Sources */,
				3A61CE97234B6992001D731F /* VOXResource.swift in Sources */,
				3A90637C234C79E700172ED4 /* NoiseVOX.swift in Sources */,
				74F0CB6F234BAF1E001EBF23 /* QuantizeVOX.swift in Sources */,
				3A61CE9D234B6992001D731F /* VOXSingleEffect.swift in Sources */,
				3AD352FA235DDF5100331E62 /* BoxVOX.swift in Sources */,
				3A61CECC234B86B8001D731F /* BlendVOX.swift in Sources */,
				3A61CE9B234B6992001D731F /* SphereVOX.swift in Sources */,
				3A61CE90234B698A001D731F /* ResolutionVOX.swift in Sources */,
				3A61CE94234B6992001D731F /* VOXResolution.swift in Sources */,
				3A61CE9A234B6992001D731F /* GradientVOX.swift in Sources */,
				3A61CE93234B6992001D731F /* VOX.swift in Sources */,
				3AB7CB332359D361003C4299 /* KaleidoscopeVOX.swift in Sources */,
				74F0CB77234BAF53001EBF23 /* CrossVOX.swift in Sources */,
				3A61CEC8234B8636001D731F /* VOXMergerEffect.swift in Sources */,
				74934E162351FFFD009D90E8 /* VOXOperators.swift in Sources */,
				74F0CB92234BB123001EBF23 /* TransformVOX.swift in Sources */,
				3A61CE95234B6992001D731F /* VOXRender.swift in Sources */,
				74F0CB72234BAF1E001EBF23 /* ThresholdVOX.swift in Sources */,
				3A61CEAE234B8007001D731F /* LevelsVOX.swift in Sources */,
				3A61CEBF234B833B001D731F /* EdgeVOX.swift in Sources */,
				74F0CB6A234BAEF0001EBF23 /* BlurVOX.swift in Sources */,
				74F0CB7E234BB035001EBF23 /* LookupVOX.swift in Sources */,
				3A61CE98234B6992001D731F /* VOXGenerator.swift in Sources */,
				3A906389234C863100172ED4 /* FeedbackVOX.swift in Sources */,
				3A61CE99234B6992001D731F /* ColorVOX.swift in Sources */,
				3A61CE92234B6992001D731F /* VoxelTypes.swift in Sources */,
				3A61CE91234B6992001D731F /* VoxelKit.swift in Sources */,
				3A61CE9C234B6992001D731F /* VOXEffect.swift in Sources */,
				74F0CB7A234BAF53001EBF23 /* DisplaceVOX.swift in Sources */,
			);
			runOnlyForDeploymentPostprocessing = 0;
		};
/* End PBXSourcesBuildPhase section */

/* Begin XCBuildConfiguration section */
		3A07AA5C23448D4400D3F0CE /* Debug */ = {
			isa = XCBuildConfiguration;
			buildSettings = {
				ALWAYS_SEARCH_USER_PATHS = NO;
				CLANG_ANALYZER_NONNULL = YES;
				CLANG_ANALYZER_NUMBER_OBJECT_CONVERSION = YES_AGGRESSIVE;
				CLANG_CXX_LANGUAGE_STANDARD = "gnu++14";
				CLANG_CXX_LIBRARY = "libc++";
				CLANG_ENABLE_MODULES = YES;
				CLANG_ENABLE_OBJC_ARC = YES;
				CLANG_ENABLE_OBJC_WEAK = YES;
				CLANG_WARN_BLOCK_CAPTURE_AUTORELEASING = YES;
				CLANG_WARN_BOOL_CONVERSION = YES;
				CLANG_WARN_COMMA = YES;
				CLANG_WARN_CONSTANT_CONVERSION = YES;
				CLANG_WARN_DEPRECATED_OBJC_IMPLEMENTATIONS = YES;
				CLANG_WARN_DIRECT_OBJC_ISA_USAGE = YES_ERROR;
				CLANG_WARN_DOCUMENTATION_COMMENTS = YES;
				CLANG_WARN_EMPTY_BODY = YES;
				CLANG_WARN_ENUM_CONVERSION = YES;
				CLANG_WARN_INFINITE_RECURSION = YES;
				CLANG_WARN_INT_CONVERSION = YES;
				CLANG_WARN_NON_LITERAL_NULL_CONVERSION = YES;
				CLANG_WARN_OBJC_IMPLICIT_RETAIN_SELF = YES;
				CLANG_WARN_OBJC_LITERAL_CONVERSION = YES;
				CLANG_WARN_OBJC_ROOT_CLASS = YES_ERROR;
				CLANG_WARN_RANGE_LOOP_ANALYSIS = YES;
				CLANG_WARN_STRICT_PROTOTYPES = YES;
				CLANG_WARN_SUSPICIOUS_MOVE = YES;
				CLANG_WARN_UNGUARDED_AVAILABILITY = YES_AGGRESSIVE;
				CLANG_WARN_UNREACHABLE_CODE = YES;
				CLANG_WARN__DUPLICATE_METHOD_MATCH = YES;
				COPY_PHASE_STRIP = NO;
				CURRENT_PROJECT_VERSION = 1;
				DEBUG_INFORMATION_FORMAT = dwarf;
				ENABLE_STRICT_OBJC_MSGSEND = YES;
				ENABLE_TESTABILITY = YES;
				GCC_C_LANGUAGE_STANDARD = gnu11;
				GCC_DYNAMIC_NO_PIC = NO;
				GCC_NO_COMMON_BLOCKS = YES;
				GCC_OPTIMIZATION_LEVEL = 0;
				GCC_PREPROCESSOR_DEFINITIONS = (
					"DEBUG=1",
					"$(inherited)",
				);
				GCC_WARN_64_TO_32_BIT_CONVERSION = YES;
				GCC_WARN_ABOUT_RETURN_TYPE = YES_ERROR;
				GCC_WARN_UNDECLARED_SELECTOR = YES;
				GCC_WARN_UNINITIALIZED_AUTOS = YES_AGGRESSIVE;
				GCC_WARN_UNUSED_FUNCTION = YES;
				GCC_WARN_UNUSED_VARIABLE = YES;
				IPHONEOS_DEPLOYMENT_TARGET = 13.0;
				MTL_ENABLE_DEBUG_INFO = INCLUDE_SOURCE;
				MTL_FAST_MATH = YES;
				ONLY_ACTIVE_ARCH = YES;
				SDKROOT = iphoneos;
				SWIFT_ACTIVE_COMPILATION_CONDITIONS = DEBUG;
				SWIFT_OPTIMIZATION_LEVEL = "-Onone";
				VERSIONING_SYSTEM = "apple-generic";
				VERSION_INFO_PREFIX = "";
			};
			name = Debug;
		};
		3A07AA5D23448D4400D3F0CE /* Release */ = {
			isa = XCBuildConfiguration;
			buildSettings = {
				ALWAYS_SEARCH_USER_PATHS = NO;
				CLANG_ANALYZER_NONNULL = YES;
				CLANG_ANALYZER_NUMBER_OBJECT_CONVERSION = YES_AGGRESSIVE;
				CLANG_CXX_LANGUAGE_STANDARD = "gnu++14";
				CLANG_CXX_LIBRARY = "libc++";
				CLANG_ENABLE_MODULES = YES;
				CLANG_ENABLE_OBJC_ARC = YES;
				CLANG_ENABLE_OBJC_WEAK = YES;
				CLANG_WARN_BLOCK_CAPTURE_AUTORELEASING = YES;
				CLANG_WARN_BOOL_CONVERSION = YES;
				CLANG_WARN_COMMA = YES;
				CLANG_WARN_CONSTANT_CONVERSION = YES;
				CLANG_WARN_DEPRECATED_OBJC_IMPLEMENTATIONS = YES;
				CLANG_WARN_DIRECT_OBJC_ISA_USAGE = YES_ERROR;
				CLANG_WARN_DOCUMENTATION_COMMENTS = YES;
				CLANG_WARN_EMPTY_BODY = YES;
				CLANG_WARN_ENUM_CONVERSION = YES;
				CLANG_WARN_INFINITE_RECURSION = YES;
				CLANG_WARN_INT_CONVERSION = YES;
				CLANG_WARN_NON_LITERAL_NULL_CONVERSION = YES;
				CLANG_WARN_OBJC_IMPLICIT_RETAIN_SELF = YES;
				CLANG_WARN_OBJC_LITERAL_CONVERSION = YES;
				CLANG_WARN_OBJC_ROOT_CLASS = YES_ERROR;
				CLANG_WARN_RANGE_LOOP_ANALYSIS = YES;
				CLANG_WARN_STRICT_PROTOTYPES = YES;
				CLANG_WARN_SUSPICIOUS_MOVE = YES;
				CLANG_WARN_UNGUARDED_AVAILABILITY = YES_AGGRESSIVE;
				CLANG_WARN_UNREACHABLE_CODE = YES;
				CLANG_WARN__DUPLICATE_METHOD_MATCH = YES;
				COPY_PHASE_STRIP = NO;
				CURRENT_PROJECT_VERSION = 1;
				DEBUG_INFORMATION_FORMAT = "dwarf-with-dsym";
				ENABLE_NS_ASSERTIONS = NO;
				ENABLE_STRICT_OBJC_MSGSEND = YES;
				GCC_C_LANGUAGE_STANDARD = gnu11;
				GCC_NO_COMMON_BLOCKS = YES;
				GCC_WARN_64_TO_32_BIT_CONVERSION = YES;
				GCC_WARN_ABOUT_RETURN_TYPE = YES_ERROR;
				GCC_WARN_UNDECLARED_SELECTOR = YES;
				GCC_WARN_UNINITIALIZED_AUTOS = YES_AGGRESSIVE;
				GCC_WARN_UNUSED_FUNCTION = YES;
				GCC_WARN_UNUSED_VARIABLE = YES;
				IPHONEOS_DEPLOYMENT_TARGET = 13.0;
				MTL_ENABLE_DEBUG_INFO = NO;
				MTL_FAST_MATH = YES;
				SDKROOT = iphoneos;
				SWIFT_COMPILATION_MODE = wholemodule;
				SWIFT_OPTIMIZATION_LEVEL = "-O";
				VALIDATE_PRODUCT = YES;
				VERSIONING_SYSTEM = "apple-generic";
				VERSION_INFO_PREFIX = "";
			};
			name = Release;
		};
		3A07AA5F23448D4400D3F0CE /* Debug */ = {
			isa = XCBuildConfiguration;
			baseConfigurationReference = 0405870B6DBED49C7B66FC86 /* Pods-VoxelKit.debug.xcconfig */;
			buildSettings = {
				CLANG_ENABLE_MODULES = YES;
				CODE_SIGN_STYLE = Automatic;
				DEFINES_MODULE = YES;
				DEVELOPMENT_TEAM = 2QHTY6FMW2;
				DYLIB_COMPATIBILITY_VERSION = 1;
				DYLIB_CURRENT_VERSION = 1;
				DYLIB_INSTALL_NAME_BASE = "@rpath";
				INFOPLIST_FILE = Resources/Info.plist;
				INSTALL_PATH = "$(LOCAL_LIBRARY_DIR)/Frameworks";
				IPHONEOS_DEPLOYMENT_TARGET = 11.3;
				LD_RUNPATH_SEARCH_PATHS = (
					"$(inherited)",
					"@executable_path/Frameworks",
					"@loader_path/Frameworks",
				);
				MARKETING_VERSION = 0.1.0;
				PRODUCT_BUNDLE_IDENTIFIER = se.hexagons.voxelkit;
				PRODUCT_NAME = "$(TARGET_NAME:c99extidentifier)";
				SKIP_INSTALL = YES;
				SWIFT_OPTIMIZATION_LEVEL = "-Onone";
				SWIFT_VERSION = 5.0;
				TARGETED_DEVICE_FAMILY = "1,2";
			};
			name = Debug;
		};
		3A07AA6023448D4400D3F0CE /* Release */ = {
			isa = XCBuildConfiguration;
			baseConfigurationReference = 3530B0CC2F60E5F4C6C4B2BE /* Pods-VoxelKit.release.xcconfig */;
			buildSettings = {
				CLANG_ENABLE_MODULES = YES;
				CODE_SIGN_STYLE = Automatic;
				DEFINES_MODULE = YES;
				DEVELOPMENT_TEAM = 2QHTY6FMW2;
				DYLIB_COMPATIBILITY_VERSION = 1;
				DYLIB_CURRENT_VERSION = 1;
				DYLIB_INSTALL_NAME_BASE = "@rpath";
				INFOPLIST_FILE = Resources/Info.plist;
				INSTALL_PATH = "$(LOCAL_LIBRARY_DIR)/Frameworks";
				IPHONEOS_DEPLOYMENT_TARGET = 11.3;
				LD_RUNPATH_SEARCH_PATHS = (
					"$(inherited)",
					"@executable_path/Frameworks",
					"@loader_path/Frameworks",
				);
				MARKETING_VERSION = 0.1.0;
				PRODUCT_BUNDLE_IDENTIFIER = se.hexagons.voxelkit;
				PRODUCT_NAME = "$(TARGET_NAME:c99extidentifier)";
				SKIP_INSTALL = YES;
				SWIFT_VERSION = 5.0;
				TARGETED_DEVICE_FAMILY = "1,2";
			};
			name = Release;
		};
		3A07AA6E2344953400D3F0CE /* Debug */ = {
			isa = XCBuildConfiguration;
			baseConfigurationReference = D46AE5F5EE13D8480C76C8FF /* Pods-VoxelKit-macOS.debug.xcconfig */;
			buildSettings = {
				CODE_SIGN_STYLE = Automatic;
				COMBINE_HIDPI_IMAGES = YES;
				DEFINES_MODULE = YES;
				DEVELOPMENT_TEAM = 2QHTY6FMW2;
				DYLIB_COMPATIBILITY_VERSION = 1;
				DYLIB_CURRENT_VERSION = 1;
				DYLIB_INSTALL_NAME_BASE = "@rpath";
				INFOPLIST_FILE = Resources/Info.plist;
				INSTALL_PATH = "$(LOCAL_LIBRARY_DIR)/Frameworks";
				LD_RUNPATH_SEARCH_PATHS = (
					"$(inherited)",
					"@executable_path/../Frameworks",
					"@loader_path/Frameworks",
				);
				MACOSX_DEPLOYMENT_TARGET = 10.14;
				MARKETING_VERSION = 0.1.0;
				PRODUCT_BUNDLE_IDENTIFIER = se.hexagons.voxelkit.macos;
				PRODUCT_NAME = "$(TARGET_NAME:c99extidentifier)";
				SDKROOT = macosx;
				SKIP_INSTALL = YES;
				SWIFT_VERSION = 5.0;
			};
			name = Debug;
		};
		3A07AA6F2344953400D3F0CE /* Release */ = {
			isa = XCBuildConfiguration;
			baseConfigurationReference = 2469DBDD1021259D49A0CBE3 /* Pods-VoxelKit-macOS.release.xcconfig */;
			buildSettings = {
				CODE_SIGN_STYLE = Automatic;
				COMBINE_HIDPI_IMAGES = YES;
				DEFINES_MODULE = YES;
				DEVELOPMENT_TEAM = 2QHTY6FMW2;
				DYLIB_COMPATIBILITY_VERSION = 1;
				DYLIB_CURRENT_VERSION = 1;
				DYLIB_INSTALL_NAME_BASE = "@rpath";
				INFOPLIST_FILE = Resources/Info.plist;
				INSTALL_PATH = "$(LOCAL_LIBRARY_DIR)/Frameworks";
				LD_RUNPATH_SEARCH_PATHS = (
					"$(inherited)",
					"@executable_path/../Frameworks",
					"@loader_path/Frameworks",
				);
				MACOSX_DEPLOYMENT_TARGET = 10.14;
				MARKETING_VERSION = 0.1.0;
				PRODUCT_BUNDLE_IDENTIFIER = se.hexagons.voxelkit.macos;
				PRODUCT_NAME = "$(TARGET_NAME:c99extidentifier)";
				SDKROOT = macosx;
				SKIP_INSTALL = YES;
				SWIFT_VERSION = 5.0;
			};
			name = Release;
		};
		3A61CE8E234B6828001D731F /* Debug */ = {
			isa = XCBuildConfiguration;
			baseConfigurationReference = 6C800D4DE75D38C2945C76DA /* Pods-VoxelKit-tvOS.debug.xcconfig */;
			buildSettings = {
				CODE_SIGN_STYLE = Automatic;
				DEFINES_MODULE = YES;
				DEVELOPMENT_TEAM = 2QHTY6FMW2;
				DYLIB_COMPATIBILITY_VERSION = 1;
				DYLIB_CURRENT_VERSION = 1;
				DYLIB_INSTALL_NAME_BASE = "@rpath";
				INFOPLIST_FILE = Resources/Info.plist;
				INSTALL_PATH = "$(LOCAL_LIBRARY_DIR)/Frameworks";
				LD_RUNPATH_SEARCH_PATHS = (
					"$(inherited)",
					"@executable_path/Frameworks",
					"@loader_path/Frameworks",
				);
				MARKETING_VERSION = 0.1.0;
				PRODUCT_BUNDLE_IDENTIFIER = se.hexagons.voxelkit.tvos;
				PRODUCT_NAME = "$(TARGET_NAME:c99extidentifier)";
				SDKROOT = appletvos;
				SKIP_INSTALL = YES;
				SWIFT_VERSION = 5.0;
				TARGETED_DEVICE_FAMILY = 3;
				TVOS_DEPLOYMENT_TARGET = 11.3;
			};
			name = Debug;
		};
		3A61CE8F234B6828001D731F /* Release */ = {
			isa = XCBuildConfiguration;
			baseConfigurationReference = FD68E41ECE0E6436A889544F /* Pods-VoxelKit-tvOS.release.xcconfig */;
			buildSettings = {
				CODE_SIGN_STYLE = Automatic;
				DEFINES_MODULE = YES;
				DEVELOPMENT_TEAM = 2QHTY6FMW2;
				DYLIB_COMPATIBILITY_VERSION = 1;
				DYLIB_CURRENT_VERSION = 1;
				DYLIB_INSTALL_NAME_BASE = "@rpath";
				INFOPLIST_FILE = Resources/Info.plist;
				INSTALL_PATH = "$(LOCAL_LIBRARY_DIR)/Frameworks";
				LD_RUNPATH_SEARCH_PATHS = (
					"$(inherited)",
					"@executable_path/Frameworks",
					"@loader_path/Frameworks",
				);
				MARKETING_VERSION = 0.1.0;
				PRODUCT_BUNDLE_IDENTIFIER = se.hexagons.voxelkit.tvos;
				PRODUCT_NAME = "$(TARGET_NAME:c99extidentifier)";
				SDKROOT = appletvos;
				SKIP_INSTALL = YES;
				SWIFT_VERSION = 5.0;
				TARGETED_DEVICE_FAMILY = 3;
				TVOS_DEPLOYMENT_TARGET = 11.3;
			};
			name = Release;
		};
/* End XCBuildConfiguration section */

/* Begin XCConfigurationList section */
		3A07AA5023448D4400D3F0CE /* Build configuration list for PBXProject "VoxelKit" */ = {
			isa = XCConfigurationList;
			buildConfigurations = (
				3A07AA5C23448D4400D3F0CE /* Debug */,
				3A07AA5D23448D4400D3F0CE /* Release */,
			);
			defaultConfigurationIsVisible = 0;
			defaultConfigurationName = Release;
		};
		3A07AA5E23448D4400D3F0CE /* Build configuration list for PBXNativeTarget "VoxelKit" */ = {
			isa = XCConfigurationList;
			buildConfigurations = (
				3A07AA5F23448D4400D3F0CE /* Debug */,
				3A07AA6023448D4400D3F0CE /* Release */,
			);
			defaultConfigurationIsVisible = 0;
			defaultConfigurationName = Release;
		};
		3A07AA702344953400D3F0CE /* Build configuration list for PBXNativeTarget "VoxelKit-macOS" */ = {
			isa = XCConfigurationList;
			buildConfigurations = (
				3A07AA6E2344953400D3F0CE /* Debug */,
				3A07AA6F2344953400D3F0CE /* Release */,
			);
			defaultConfigurationIsVisible = 0;
			defaultConfigurationName = Release;
		};
		3A61CE8D234B6828001D731F /* Build configuration list for PBXNativeTarget "VoxelKit-tvOS" */ = {
			isa = XCConfigurationList;
			buildConfigurations = (
				3A61CE8E234B6828001D731F /* Debug */,
				3A61CE8F234B6828001D731F /* Release */,
			);
			defaultConfigurationIsVisible = 0;
			defaultConfigurationName = Release;
		};
/* End XCConfigurationList section */
	};
	rootObject = 3A07AA4D23448D4400D3F0CE /* Project object */;
}
