// !$*UTF8*$!
{
	archiveVersion = 1;
	classes = {
	};
	objectVersion = 50;
	objects = {

/* Begin PBXBuildFile section */
		3A07AAC523449DC400D3F0CE /* ContentGeneratorGradientVOX.metal in Sources */ = {isa = PBXBuildFile; fileRef = 3A07AAC423449DC400D3F0CE /* ContentGeneratorGradientVOX.metal */; };
		3A07AAC623449DC400D3F0CE /* ContentGeneratorGradientVOX.metal in Sources */ = {isa = PBXBuildFile; fileRef = 3A07AAC423449DC400D3F0CE /* ContentGeneratorGradientVOX.metal */; };
		3A07AAC723449DC400D3F0CE /* ContentGeneratorGradientVOX.metal in Sources */ = {isa = PBXBuildFile; fileRef = 3A07AAC423449DC400D3F0CE /* ContentGeneratorGradientVOX.metal */; };
		3A07AADE2344A10800D3F0CE /* QuadVTX.metal in Sources */ = {isa = PBXBuildFile; fileRef = 3A07AACF2344A10800D3F0CE /* QuadVTX.metal */; };
		3A07AADF2344A10800D3F0CE /* QuadVTX.metal in Sources */ = {isa = PBXBuildFile; fileRef = 3A07AACF2344A10800D3F0CE /* QuadVTX.metal */; };
		3A07AAE02344A10800D3F0CE /* QuadVTX.metal in Sources */ = {isa = PBXBuildFile; fileRef = 3A07AACF2344A10800D3F0CE /* QuadVTX.metal */; };
		3A07AAE12344A10800D3F0CE /* error.metal in Sources */ = {isa = PBXBuildFile; fileRef = 3A07AAD02344A10800D3F0CE /* error.metal */; };
		3A07AAE22344A10800D3F0CE /* error.metal in Sources */ = {isa = PBXBuildFile; fileRef = 3A07AAD02344A10800D3F0CE /* error.metal */; };
		3A07AAE32344A10800D3F0CE /* error.metal in Sources */ = {isa = PBXBuildFile; fileRef = 3A07AAD02344A10800D3F0CE /* error.metal */; };
		3A07AAE42344A10800D3F0CE /* noise.metal in Sources */ = {isa = PBXBuildFile; fileRef = 3A07AAD22344A10800D3F0CE /* noise.metal */; };
		3A07AAE52344A10800D3F0CE /* noise.metal in Sources */ = {isa = PBXBuildFile; fileRef = 3A07AAD22344A10800D3F0CE /* noise.metal */; };
		3A07AAE62344A10800D3F0CE /* noise.metal in Sources */ = {isa = PBXBuildFile; fileRef = 3A07AAD22344A10800D3F0CE /* noise.metal */; };
		3A07AAE72344A10800D3F0CE /* random_header.metal in Sources */ = {isa = PBXBuildFile; fileRef = 3A07AAD32344A10800D3F0CE /* random_header.metal */; };
		3A07AAE82344A10800D3F0CE /* random_header.metal in Sources */ = {isa = PBXBuildFile; fileRef = 3A07AAD32344A10800D3F0CE /* random_header.metal */; };
		3A07AAE92344A10800D3F0CE /* random_header.metal in Sources */ = {isa = PBXBuildFile; fileRef = 3A07AAD32344A10800D3F0CE /* random_header.metal */; };
		3A07AAEA2344A10800D3F0CE /* random.metal in Sources */ = {isa = PBXBuildFile; fileRef = 3A07AAD42344A10800D3F0CE /* random.metal */; };
		3A07AAEB2344A10800D3F0CE /* random.metal in Sources */ = {isa = PBXBuildFile; fileRef = 3A07AAD42344A10800D3F0CE /* random.metal */; };
		3A07AAEC2344A10800D3F0CE /* random.metal in Sources */ = {isa = PBXBuildFile; fileRef = 3A07AAD42344A10800D3F0CE /* random.metal */; };
		3A07AAED2344A10800D3F0CE /* noise_header.metal in Sources */ = {isa = PBXBuildFile; fileRef = 3A07AAD52344A10800D3F0CE /* noise_header.metal */; };
		3A07AAEE2344A10800D3F0CE /* noise_header.metal in Sources */ = {isa = PBXBuildFile; fileRef = 3A07AAD52344A10800D3F0CE /* noise_header.metal */; };
		3A07AAEF2344A10800D3F0CE /* noise_header.metal in Sources */ = {isa = PBXBuildFile; fileRef = 3A07AAD52344A10800D3F0CE /* noise_header.metal */; };
		3A07AAF02344A10800D3F0CE /* hsv_header.metal in Sources */ = {isa = PBXBuildFile; fileRef = 3A07AAD72344A10800D3F0CE /* hsv_header.metal */; };
		3A07AAF12344A10800D3F0CE /* hsv_header.metal in Sources */ = {isa = PBXBuildFile; fileRef = 3A07AAD72344A10800D3F0CE /* hsv_header.metal */; };
		3A07AAF22344A10800D3F0CE /* hsv_header.metal in Sources */ = {isa = PBXBuildFile; fileRef = 3A07AAD72344A10800D3F0CE /* hsv_header.metal */; };
		3A07AAF32344A10800D3F0CE /* hsv.metal in Sources */ = {isa = PBXBuildFile; fileRef = 3A07AAD82344A10800D3F0CE /* hsv.metal */; };
		3A07AAF42344A10800D3F0CE /* hsv.metal in Sources */ = {isa = PBXBuildFile; fileRef = 3A07AAD82344A10800D3F0CE /* hsv.metal */; };
		3A07AAF52344A10800D3F0CE /* hsv.metal in Sources */ = {isa = PBXBuildFile; fileRef = 3A07AAD82344A10800D3F0CE /* hsv.metal */; };
		3A07AB222344A3AE00D3F0CE /* gradient.metal in Sources */ = {isa = PBXBuildFile; fileRef = 3A07AB212344A3AE00D3F0CE /* gradient.metal */; };
		3A07AB232344A3AE00D3F0CE /* gradient.metal in Sources */ = {isa = PBXBuildFile; fileRef = 3A07AB212344A3AE00D3F0CE /* gradient.metal */; };
		3A07AB242344A3AE00D3F0CE /* gradient.metal in Sources */ = {isa = PBXBuildFile; fileRef = 3A07AB212344A3AE00D3F0CE /* gradient.metal */; };
		3A07AB2E2344A9FB00D3F0CE /* gradient_header.metal in Sources */ = {isa = PBXBuildFile; fileRef = 3A07AB2D2344A9FB00D3F0CE /* gradient_header.metal */; };
		3A07AB2F2344A9FB00D3F0CE /* gradient_header.metal in Sources */ = {isa = PBXBuildFile; fileRef = 3A07AB2D2344A9FB00D3F0CE /* gradient_header.metal */; };
		3A07AB302344A9FB00D3F0CE /* gradient_header.metal in Sources */ = {isa = PBXBuildFile; fileRef = 3A07AB2D2344A9FB00D3F0CE /* gradient_header.metal */; };
		3A61CE23234B23AA001D731F /* ContentGeneratorColorVOX.metal in Sources */ = {isa = PBXBuildFile; fileRef = 74844E832348963000F99875 /* ContentGeneratorColorVOX.metal */; };
		3A61CE24234B23AA001D731F /* ContentGeneratorColorVOX.metal in Sources */ = {isa = PBXBuildFile; fileRef = 74844E832348963000F99875 /* ContentGeneratorColorVOX.metal */; };
		3A61CE54234B361F001D731F /* ContentGeneratorSphereVOX.metal in Sources */ = {isa = PBXBuildFile; fileRef = 3A61CE53234B361F001D731F /* ContentGeneratorSphereVOX.metal */; };
		3A61CE55234B361F001D731F /* ContentGeneratorSphereVOX.metal in Sources */ = {isa = PBXBuildFile; fileRef = 3A61CE53234B361F001D731F /* ContentGeneratorSphereVOX.metal */; };
		3A61CE56234B361F001D731F /* ContentGeneratorSphereVOX.metal in Sources */ = {isa = PBXBuildFile; fileRef = 3A61CE53234B361F001D731F /* ContentGeneratorSphereVOX.metal */; };
		3A61CE76234B5089001D731F /* EffectSingleResolutionVOX.metal in Sources */ = {isa = PBXBuildFile; fileRef = 3A61CE75234B5089001D731F /* EffectSingleResolutionVOX.metal */; };
		3A61CE77234B5089001D731F /* EffectSingleResolutionVOX.metal in Sources */ = {isa = PBXBuildFile; fileRef = 3A61CE75234B5089001D731F /* EffectSingleResolutionVOX.metal */; };
		3A61CE78234B5089001D731F /* EffectSingleResolutionVOX.metal in Sources */ = {isa = PBXBuildFile; fileRef = 3A61CE75234B5089001D731F /* EffectSingleResolutionVOX.metal */; };
		3A61CEB5234B809D001D731F /* EffectSingleLevelsVOX.metal in Sources */ = {isa = PBXBuildFile; fileRef = 3A61CEB4234B809D001D731F /* EffectSingleLevelsVOX.metal */; };
		3A61CEB6234B809D001D731F /* EffectSingleLevelsVOX.metal in Sources */ = {isa = PBXBuildFile; fileRef = 3A61CEB4234B809D001D731F /* EffectSingleLevelsVOX.metal */; };
		3A61CEB7234B809D001D731F /* EffectSingleLevelsVOX.metal in Sources */ = {isa = PBXBuildFile; fileRef = 3A61CEB4234B809D001D731F /* EffectSingleLevelsVOX.metal */; };
		3A61CEC1234B8370001D731F /* EffectSingleEdgeVOX.metal in Sources */ = {isa = PBXBuildFile; fileRef = 3A61CEC0234B8370001D731F /* EffectSingleEdgeVOX.metal */; };
		3A61CEC2234B8370001D731F /* EffectSingleEdgeVOX.metal in Sources */ = {isa = PBXBuildFile; fileRef = 3A61CEC0234B8370001D731F /* EffectSingleEdgeVOX.metal */; };
		3A61CEC3234B8370001D731F /* EffectSingleEdgeVOX.metal in Sources */ = {isa = PBXBuildFile; fileRef = 3A61CEC0234B8370001D731F /* EffectSingleEdgeVOX.metal */; };
		3A61CECE234B8724001D731F /* EffectMergerBlendVOX.metal in Sources */ = {isa = PBXBuildFile; fileRef = 3A61CECD234B8724001D731F /* EffectMergerBlendVOX.metal */; };
		3A61CECF234B8724001D731F /* EffectMergerBlendVOX.metal in Sources */ = {isa = PBXBuildFile; fileRef = 3A61CECD234B8724001D731F /* EffectMergerBlendVOX.metal */; };
		3A61CED0234B8724001D731F /* EffectMergerBlendVOX.metal in Sources */ = {isa = PBXBuildFile; fileRef = 3A61CECD234B8724001D731F /* EffectMergerBlendVOX.metal */; };
		3A61CEE3234B8B0B001D731F /* place.metal in Sources */ = {isa = PBXBuildFile; fileRef = 3A61CEDF234B8B0B001D731F /* place.metal */; };
		3A61CEE4234B8B0B001D731F /* place.metal in Sources */ = {isa = PBXBuildFile; fileRef = 3A61CEDF234B8B0B001D731F /* place.metal */; };
		3A61CEE5234B8B0B001D731F /* place.metal in Sources */ = {isa = PBXBuildFile; fileRef = 3A61CEDF234B8B0B001D731F /* place.metal */; };
		3A61CEE6234B8B0B001D731F /* place_header.metal in Sources */ = {isa = PBXBuildFile; fileRef = 3A61CEE0234B8B0B001D731F /* place_header.metal */; };
		3A61CEE7234B8B0B001D731F /* place_header.metal in Sources */ = {isa = PBXBuildFile; fileRef = 3A61CEE0234B8B0B001D731F /* place_header.metal */; };
		3A61CEE8234B8B0B001D731F /* place_header.metal in Sources */ = {isa = PBXBuildFile; fileRef = 3A61CEE0234B8B0B001D731F /* place_header.metal */; };
		3A61CEE9234B8B0B001D731F /* blend.metal in Sources */ = {isa = PBXBuildFile; fileRef = 3A61CEE1234B8B0B001D731F /* blend.metal */; };
		3A61CEEA234B8B0B001D731F /* blend.metal in Sources */ = {isa = PBXBuildFile; fileRef = 3A61CEE1234B8B0B001D731F /* blend.metal */; };
		3A61CEEB234B8B0B001D731F /* blend.metal in Sources */ = {isa = PBXBuildFile; fileRef = 3A61CEE1234B8B0B001D731F /* blend.metal */; };
		3A61CEEC234B8B0B001D731F /* blend_header.metal in Sources */ = {isa = PBXBuildFile; fileRef = 3A61CEE2234B8B0B001D731F /* blend_header.metal */; };
		3A61CEED234B8B0B001D731F /* blend_header.metal in Sources */ = {isa = PBXBuildFile; fileRef = 3A61CEE2234B8B0B001D731F /* blend_header.metal */; };
		3A61CEEE234B8B0B001D731F /* blend_header.metal in Sources */ = {isa = PBXBuildFile; fileRef = 3A61CEE2234B8B0B001D731F /* blend_header.metal */; };
		3A8D7E3C234E1B4E00DC555E /* ContentResourceObjectVOX.metal in Sources */ = {isa = PBXBuildFile; fileRef = 3A8D7E3B234E1B4E00DC555E /* ContentResourceObjectVOX.metal */; };
		3A8D7E3D234E1B4E00DC555E /* ContentResourceObjectVOX.metal in Sources */ = {isa = PBXBuildFile; fileRef = 3A8D7E3B234E1B4E00DC555E /* ContentResourceObjectVOX.metal */; };
		3A8D7E3E234E1B4E00DC555E /* ContentResourceObjectVOX.metal in Sources */ = {isa = PBXBuildFile; fileRef = 3A8D7E3B234E1B4E00DC555E /* ContentResourceObjectVOX.metal */; };
		3A90637E234C7A5400172ED4 /* ContentGeneratorNoisePIX.metal in Sources */ = {isa = PBXBuildFile; fileRef = 3A90637D234C7A5400172ED4 /* ContentGeneratorNoisePIX.metal */; };
		3A90637F234C7A5400172ED4 /* ContentGeneratorNoisePIX.metal in Sources */ = {isa = PBXBuildFile; fileRef = 3A90637D234C7A5400172ED4 /* ContentGeneratorNoisePIX.metal */; };
		3A906380234C7A5400172ED4 /* ContentGeneratorNoisePIX.metal in Sources */ = {isa = PBXBuildFile; fileRef = 3A90637D234C7A5400172ED4 /* ContentGeneratorNoisePIX.metal */; };
		3A90638B234C876000172ED4 /* NilVOX.metal in Sources */ = {isa = PBXBuildFile; fileRef = 3A90638A234C876000172ED4 /* NilVOX.metal */; };
		74844E842348963000F99875 /* ContentGeneratorColorVOX.metal in Sources */ = {isa = PBXBuildFile; fileRef = 74844E832348963000F99875 /* ContentGeneratorColorVOX.metal */; };
		74F0CB83234BB0E4001EBF23 /* EffectSingleBlurVOX.metal in Sources */ = {isa = PBXBuildFile; fileRef = 74F0CB7F234BB0E3001EBF23 /* EffectSingleBlurVOX.metal */; };
		74F0CB84234BB0E4001EBF23 /* EffectSingleBlurVOX.metal in Sources */ = {isa = PBXBuildFile; fileRef = 74F0CB7F234BB0E3001EBF23 /* EffectSingleBlurVOX.metal */; };
		74F0CB85234BB0E4001EBF23 /* EffectSingleBlurVOX.metal in Sources */ = {isa = PBXBuildFile; fileRef = 74F0CB7F234BB0E3001EBF23 /* EffectSingleBlurVOX.metal */; };
		74F0CB86234BB0E4001EBF23 /* EffectSingleThresholdVOX.metal in Sources */ = {isa = PBXBuildFile; fileRef = 74F0CB80234BB0E3001EBF23 /* EffectSingleThresholdVOX.metal */; };
		74F0CB87234BB0E4001EBF23 /* EffectSingleThresholdVOX.metal in Sources */ = {isa = PBXBuildFile; fileRef = 74F0CB80234BB0E3001EBF23 /* EffectSingleThresholdVOX.metal */; };
		74F0CB88234BB0E4001EBF23 /* EffectSingleThresholdVOX.metal in Sources */ = {isa = PBXBuildFile; fileRef = 74F0CB80234BB0E3001EBF23 /* EffectSingleThresholdVOX.metal */; };
		74F0CB89234BB0E4001EBF23 /* EffectSingleTransformVOX.metal in Sources */ = {isa = PBXBuildFile; fileRef = 74F0CB81234BB0E4001EBF23 /* EffectSingleTransformVOX.metal */; };
		74F0CB8A234BB0E4001EBF23 /* EffectSingleTransformVOX.metal in Sources */ = {isa = PBXBuildFile; fileRef = 74F0CB81234BB0E4001EBF23 /* EffectSingleTransformVOX.metal */; };
		74F0CB8B234BB0E4001EBF23 /* EffectSingleTransformVOX.metal in Sources */ = {isa = PBXBuildFile; fileRef = 74F0CB81234BB0E4001EBF23 /* EffectSingleTransformVOX.metal */; };
		74F0CB8C234BB0E4001EBF23 /* EffectSingleQuantizeVOX.metal in Sources */ = {isa = PBXBuildFile; fileRef = 74F0CB82234BB0E4001EBF23 /* EffectSingleQuantizeVOX.metal */; };
		74F0CB8D234BB0E4001EBF23 /* EffectSingleQuantizeVOX.metal in Sources */ = {isa = PBXBuildFile; fileRef = 74F0CB82234BB0E4001EBF23 /* EffectSingleQuantizeVOX.metal */; };
		74F0CB8E234BB0E4001EBF23 /* EffectSingleQuantizeVOX.metal in Sources */ = {isa = PBXBuildFile; fileRef = 74F0CB82234BB0E4001EBF23 /* EffectSingleQuantizeVOX.metal */; };
		74F0CB96234BB146001EBF23 /* EffectMergerLookupVOX.metal in Sources */ = {isa = PBXBuildFile; fileRef = 74F0CB93234BB145001EBF23 /* EffectMergerLookupVOX.metal */; };
		74F0CB97234BB146001EBF23 /* EffectMergerLookupVOX.metal in Sources */ = {isa = PBXBuildFile; fileRef = 74F0CB93234BB145001EBF23 /* EffectMergerLookupVOX.metal */; };
		74F0CB98234BB146001EBF23 /* EffectMergerLookupVOX.metal in Sources */ = {isa = PBXBuildFile; fileRef = 74F0CB93234BB145001EBF23 /* EffectMergerLookupVOX.metal */; };
		74F0CB99234BB146001EBF23 /* EffectMergerDisplaceVOX.metal in Sources */ = {isa = PBXBuildFile; fileRef = 74F0CB94234BB145001EBF23 /* EffectMergerDisplaceVOX.metal */; };
		74F0CB9A234BB146001EBF23 /* EffectMergerDisplaceVOX.metal in Sources */ = {isa = PBXBuildFile; fileRef = 74F0CB94234BB145001EBF23 /* EffectMergerDisplaceVOX.metal */; };
		74F0CB9B234BB146001EBF23 /* EffectMergerDisplaceVOX.metal in Sources */ = {isa = PBXBuildFile; fileRef = 74F0CB94234BB145001EBF23 /* EffectMergerDisplaceVOX.metal */; };
		74F0CB9C234BB146001EBF23 /* EffectMergerCrossVOX.metal in Sources */ = {isa = PBXBuildFile; fileRef = 74F0CB95234BB146001EBF23 /* EffectMergerCrossVOX.metal */; };
		74F0CB9D234BB146001EBF23 /* EffectMergerCrossVOX.metal in Sources */ = {isa = PBXBuildFile; fileRef = 74F0CB95234BB146001EBF23 /* EffectMergerCrossVOX.metal */; };
		74F0CB9E234BB146001EBF23 /* EffectMergerCrossVOX.metal in Sources */ = {isa = PBXBuildFile; fileRef = 74F0CB95234BB146001EBF23 /* EffectMergerCrossVOX.metal */; };
/* End PBXBuildFile section */

/* Begin PBXFileReference section */
		3A07AAC423449DC400D3F0CE /* ContentGeneratorGradientVOX.metal */ = {isa = PBXFileReference; fileEncoding = 4; lastKnownFileType = sourcecode.metal; path = ContentGeneratorGradientVOX.metal; sourceTree = "<group>"; };
		3A07AACF2344A10800D3F0CE /* QuadVTX.metal */ = {isa = PBXFileReference; fileEncoding = 4; lastKnownFileType = sourcecode.metal; path = QuadVTX.metal; sourceTree = "<group>"; };
		3A07AAD02344A10800D3F0CE /* error.metal */ = {isa = PBXFileReference; fileEncoding = 4; lastKnownFileType = sourcecode.metal; path = error.metal; sourceTree = "<group>"; };
		3A07AAD22344A10800D3F0CE /* noise.metal */ = {isa = PBXFileReference; fileEncoding = 4; lastKnownFileType = sourcecode.metal; path = noise.metal; sourceTree = "<group>"; };
		3A07AAD32344A10800D3F0CE /* random_header.metal */ = {isa = PBXFileReference; fileEncoding = 4; lastKnownFileType = sourcecode.metal; path = random_header.metal; sourceTree = "<group>"; };
		3A07AAD42344A10800D3F0CE /* random.metal */ = {isa = PBXFileReference; fileEncoding = 4; lastKnownFileType = sourcecode.metal; path = random.metal; sourceTree = "<group>"; };
		3A07AAD52344A10800D3F0CE /* noise_header.metal */ = {isa = PBXFileReference; fileEncoding = 4; lastKnownFileType = sourcecode.metal; path = noise_header.metal; sourceTree = "<group>"; };
		3A07AAD72344A10800D3F0CE /* hsv_header.metal */ = {isa = PBXFileReference; fileEncoding = 4; lastKnownFileType = sourcecode.metal; path = hsv_header.metal; sourceTree = "<group>"; };
		3A07AAD82344A10800D3F0CE /* hsv.metal */ = {isa = PBXFileReference; fileEncoding = 4; lastKnownFileType = sourcecode.metal; path = hsv.metal; sourceTree = "<group>"; };
		3A07AAD92344A10800D3F0CE /* README.md */ = {isa = PBXFileReference; fileEncoding = 4; lastKnownFileType = net.daringfireball.markdown; path = README.md; sourceTree = "<group>"; };
		3A07AADA2344A10800D3F0CE /* .gitignore */ = {isa = PBXFileReference; fileEncoding = 4; lastKnownFileType = text; path = .gitignore; sourceTree = "<group>"; };
		3A07AB212344A3AE00D3F0CE /* gradient.metal */ = {isa = PBXFileReference; lastKnownFileType = sourcecode.metal; path = gradient.metal; sourceTree = "<group>"; };
		3A07AB2D2344A9FB00D3F0CE /* gradient_header.metal */ = {isa = PBXFileReference; fileEncoding = 4; lastKnownFileType = sourcecode.metal; path = gradient_header.metal; sourceTree = "<group>"; };
		3A61CE53234B361F001D731F /* ContentGeneratorSphereVOX.metal */ = {isa = PBXFileReference; fileEncoding = 4; lastKnownFileType = sourcecode.metal; path = ContentGeneratorSphereVOX.metal; sourceTree = "<group>"; };
		3A61CE75234B5089001D731F /* EffectSingleResolutionVOX.metal */ = {isa = PBXFileReference; fileEncoding = 4; lastKnownFileType = sourcecode.metal; path = EffectSingleResolutionVOX.metal; sourceTree = "<group>"; };
		3A61CEB4234B809D001D731F /* EffectSingleLevelsVOX.metal */ = {isa = PBXFileReference; fileEncoding = 4; lastKnownFileType = sourcecode.metal; path = EffectSingleLevelsVOX.metal; sourceTree = "<group>"; };
		3A61CEC0234B8370001D731F /* EffectSingleEdgeVOX.metal */ = {isa = PBXFileReference; fileEncoding = 4; lastKnownFileType = sourcecode.metal; path = EffectSingleEdgeVOX.metal; sourceTree = "<group>"; };
		3A61CECD234B8724001D731F /* EffectMergerBlendVOX.metal */ = {isa = PBXFileReference; fileEncoding = 4; lastKnownFileType = sourcecode.metal; path = EffectMergerBlendVOX.metal; sourceTree = "<group>"; };
		3A61CEDF234B8B0B001D731F /* place.metal */ = {isa = PBXFileReference; fileEncoding = 4; lastKnownFileType = sourcecode.metal; path = place.metal; sourceTree = "<group>"; };
		3A61CEE0234B8B0B001D731F /* place_header.metal */ = {isa = PBXFileReference; fileEncoding = 4; lastKnownFileType = sourcecode.metal; path = place_header.metal; sourceTree = "<group>"; };
		3A61CEE1234B8B0B001D731F /* blend.metal */ = {isa = PBXFileReference; fileEncoding = 4; lastKnownFileType = sourcecode.metal; path = blend.metal; sourceTree = "<group>"; };
		3A61CEE2234B8B0B001D731F /* blend_header.metal */ = {isa = PBXFileReference; fileEncoding = 4; lastKnownFileType = sourcecode.metal; path = blend_header.metal; sourceTree = "<group>"; };
		3A8D7E3B234E1B4E00DC555E /* ContentResourceObjectVOX.metal */ = {isa = PBXFileReference; fileEncoding = 4; lastKnownFileType = sourcecode.metal; path = ContentResourceObjectVOX.metal; sourceTree = "<group>"; };
		3A90637D234C7A5400172ED4 /* ContentGeneratorNoisePIX.metal */ = {isa = PBXFileReference; fileEncoding = 4; lastKnownFileType = sourcecode.metal; path = ContentGeneratorNoisePIX.metal; sourceTree = "<group>"; };
		3A90638A234C876000172ED4 /* NilVOX.metal */ = {isa = PBXFileReference; lastKnownFileType = sourcecode.metal; path = NilVOX.metal; sourceTree = "<group>"; };
		74844E832348963000F99875 /* ContentGeneratorColorVOX.metal */ = {isa = PBXFileReference; lastKnownFileType = sourcecode.metal; path = ContentGeneratorColorVOX.metal; sourceTree = "<group>"; };
		74F0CB7F234BB0E3001EBF23 /* EffectSingleBlurVOX.metal */ = {isa = PBXFileReference; fileEncoding = 4; lastKnownFileType = sourcecode.metal; path = EffectSingleBlurVOX.metal; sourceTree = "<group>"; };
		74F0CB80234BB0E3001EBF23 /* EffectSingleThresholdVOX.metal */ = {isa = PBXFileReference; fileEncoding = 4; lastKnownFileType = sourcecode.metal; path = EffectSingleThresholdVOX.metal; sourceTree = "<group>"; };
		74F0CB81234BB0E4001EBF23 /* EffectSingleTransformVOX.metal */ = {isa = PBXFileReference; fileEncoding = 4; lastKnownFileType = sourcecode.metal; path = EffectSingleTransformVOX.metal; sourceTree = "<group>"; };
		74F0CB82234BB0E4001EBF23 /* EffectSingleQuantizeVOX.metal */ = {isa = PBXFileReference; fileEncoding = 4; lastKnownFileType = sourcecode.metal; path = EffectSingleQuantizeVOX.metal; sourceTree = "<group>"; };
		74F0CB93234BB145001EBF23 /* EffectMergerLookupVOX.metal */ = {isa = PBXFileReference; fileEncoding = 4; lastKnownFileType = sourcecode.metal; path = EffectMergerLookupVOX.metal; sourceTree = "<group>"; };
		74F0CB94234BB145001EBF23 /* EffectMergerDisplaceVOX.metal */ = {isa = PBXFileReference; fileEncoding = 4; lastKnownFileType = sourcecode.metal; path = EffectMergerDisplaceVOX.metal; sourceTree = "<group>"; };
		74F0CB95234BB146001EBF23 /* EffectMergerCrossVOX.metal */ = {isa = PBXFileReference; fileEncoding = 4; lastKnownFileType = sourcecode.metal; path = EffectMergerCrossVOX.metal; sourceTree = "<group>"; };
/* End PBXFileReference section */

/* Begin PBXGroup section */
		3A07AA9623449CFE00D3F0CE = {
			isa = PBXGroup;
			children = (
				3A07AAB723449D7F00D3F0CE /* Shaders */,
			);
			sourceTree = "<group>";
		};
		3A07AAB723449D7F00D3F0CE /* Shaders */ = {
			isa = PBXGroup;
			children = (
				3A8D7E3B234E1B4E00DC555E /* ContentResourceObjectVOX.metal */,
				74844E832348963000F99875 /* ContentGeneratorColorVOX.metal */,
				3A07AAC423449DC400D3F0CE /* ContentGeneratorGradientVOX.metal */,
				3A90637D234C7A5400172ED4 /* ContentGeneratorNoisePIX.metal */,
				3A61CE53234B361F001D731F /* ContentGeneratorSphereVOX.metal */,
				3A61CECD234B8724001D731F /* EffectMergerBlendVOX.metal */,
				74F0CB95234BB146001EBF23 /* EffectMergerCrossVOX.metal */,
				74F0CB94234BB145001EBF23 /* EffectMergerDisplaceVOX.metal */,
				74F0CB93234BB145001EBF23 /* EffectMergerLookupVOX.metal */,
				74F0CB7F234BB0E3001EBF23 /* EffectSingleBlurVOX.metal */,
				3A61CEC0234B8370001D731F /* EffectSingleEdgeVOX.metal */,
				3A61CEB4234B809D001D731F /* EffectSingleLevelsVOX.metal */,
				74F0CB82234BB0E4001EBF23 /* EffectSingleQuantizeVOX.metal */,
				3A61CE75234B5089001D731F /* EffectSingleResolutionVOX.metal */,
				74F0CB80234BB0E3001EBF23 /* EffectSingleThresholdVOX.metal */,
				74F0CB81234BB0E4001EBF23 /* EffectSingleTransformVOX.metal */,
				3A90638A234C876000172ED4 /* NilVOX.metal */,
				3A07AACB2344A10800D3F0CE /* Shaders */,
			);
			name = Shaders;
			path = ../Shaders;
			sourceTree = "<group>";
		};
		3A07AACB2344A10800D3F0CE /* Shaders */ = {
			isa = PBXGroup;
			children = (
				3A07AACC2344A10800D3F0CE /* Source */,
				3A07AAD92344A10800D3F0CE /* README.md */,
				3A07AADA2344A10800D3F0CE /* .gitignore */,
			);
			path = Shaders;
			sourceTree = "<group>";
		};
		3A07AACC2344A10800D3F0CE /* Source */ = {
			isa = PBXGroup;
			children = (
				3A07AACD2344A10800D3F0CE /* Other */,
				3A07AAD12344A10800D3F0CE /* Content */,
				3A07AAD62344A10800D3F0CE /* Effects */,
			);
			path = Source;
			sourceTree = "<group>";
		};
		3A07AACD2344A10800D3F0CE /* Other */ = {
			isa = PBXGroup;
			children = (
				3A07AACF2344A10800D3F0CE /* QuadVTX.metal */,
				3A07AAD02344A10800D3F0CE /* error.metal */,
			);
			path = Other;
			sourceTree = "<group>";
		};
		3A07AAD12344A10800D3F0CE /* Content */ = {
			isa = PBXGroup;
			children = (
				3A07AAD22344A10800D3F0CE /* noise.metal */,
				3A07AAD32344A10800D3F0CE /* random_header.metal */,
				3A07AAD42344A10800D3F0CE /* random.metal */,
				3A07AAD52344A10800D3F0CE /* noise_header.metal */,
				3A07AB2D2344A9FB00D3F0CE /* gradient_header.metal */,
				3A07AB212344A3AE00D3F0CE /* gradient.metal */,
			);
			path = Content;
			sourceTree = "<group>";
		};
		3A07AAD62344A10800D3F0CE /* Effects */ = {
			isa = PBXGroup;
			children = (
				3A07AAD72344A10800D3F0CE /* hsv_header.metal */,
				3A07AAD82344A10800D3F0CE /* hsv.metal */,
				3A61CEE2234B8B0B001D731F /* blend_header.metal */,
				3A61CEE1234B8B0B001D731F /* blend.metal */,
				3A61CEE0234B8B0B001D731F /* place_header.metal */,
				3A61CEDF234B8B0B001D731F /* place.metal */,
			);
			path = Effects;
			sourceTree = "<group>";
		};
/* End PBXGroup section */

/* Begin PBXNativeTarget section */
		3A07AA9C23449CFE00D3F0CE /* VoxelKitShaders */ = {
			isa = PBXNativeTarget;
			buildConfigurationList = 3A07AAA223449CFF00D3F0CE /* Build configuration list for PBXNativeTarget "VoxelKitShaders" */;
			buildPhases = (
				3A07AA9B23449CFE00D3F0CE /* Sources */,
			);
			buildRules = (
			);
			dependencies = (
			);
			name = VoxelKitShaders;
			productName = VoxelKitShaders;
			productType = "com.apple.product-type.metal-library";
		};
		3A07AAA623449D1A00D3F0CE /* VoxelKitShaders-macOS */ = {
			isa = PBXNativeTarget;
			buildConfigurationList = 3A07AAAA23449D1A00D3F0CE /* Build configuration list for PBXNativeTarget "VoxelKitShaders-macOS" */;
			buildPhases = (
				3A07AAA523449D1A00D3F0CE /* Sources */,
			);
			buildRules = (
			);
			dependencies = (
			);
			name = "VoxelKitShaders-macOS";
			productName = "VoxelKitShaders-macOS";
			productType = "com.apple.product-type.metal-library";
		};
		3A07AAAE23449D2C00D3F0CE /* VoxelKitShaders-tvOS */ = {
			isa = PBXNativeTarget;
			buildConfigurationList = 3A07AAB223449D2C00D3F0CE /* Build configuration list for PBXNativeTarget "VoxelKitShaders-tvOS" */;
			buildPhases = (
				3A07AAAD23449D2C00D3F0CE /* Sources */,
			);
			buildRules = (
			);
			dependencies = (
			);
			name = "VoxelKitShaders-tvOS";
			productName = "VoxelKitShaders-tvOS";
			productType = "com.apple.product-type.metal-library";
		};
/* End PBXNativeTarget section */

/* Begin PBXProject section */
		3A07AA9723449CFE00D3F0CE /* Project object */ = {
			isa = PBXProject;
			attributes = {
				LastUpgradeCheck = 1100;
				ORGANIZATIONNAME = Hexagons;
				TargetAttributes = {
					3A07AA9C23449CFE00D3F0CE = {
						CreatedOnToolsVersion = 11.0;
					};
					3A07AAA623449D1A00D3F0CE = {
						CreatedOnToolsVersion = 11.0;
					};
					3A07AAAE23449D2C00D3F0CE = {
						CreatedOnToolsVersion = 11.0;
					};
				};
			};
			buildConfigurationList = 3A07AA9A23449CFE00D3F0CE /* Build configuration list for PBXProject "VoxelKitShaders" */;
			compatibilityVersion = "Xcode 9.3";
			developmentRegion = en;
			hasScannedForEncodings = 0;
			knownRegions = (
				en,
				Base,
			);
			mainGroup = 3A07AA9623449CFE00D3F0CE;
			projectDirPath = "";
			projectRoot = "";
			targets = (
				3A07AA9C23449CFE00D3F0CE /* VoxelKitShaders */,
				3A07AAA623449D1A00D3F0CE /* VoxelKitShaders-macOS */,
				3A07AAAE23449D2C00D3F0CE /* VoxelKitShaders-tvOS */,
			);
		};
/* End PBXProject section */

/* Begin PBXSourcesBuildPhase section */
		3A07AA9B23449CFE00D3F0CE /* Sources */ = {
			isa = PBXSourcesBuildPhase;
			buildActionMask = 2147483647;
			files = (
				3A07AADE2344A10800D3F0CE /* QuadVTX.metal in Sources */,
				3A90637E234C7A5400172ED4 /* ContentGeneratorNoisePIX.metal in Sources */,
				3A07AAF32344A10800D3F0CE /* hsv.metal in Sources */,
				3A07AAED2344A10800D3F0CE /* noise_header.metal in Sources */,
				3A07AAC523449DC400D3F0CE /* ContentGeneratorGradientVOX.metal in Sources */,
				3A61CECE234B8724001D731F /* EffectMergerBlendVOX.metal in Sources */,
				3A07AB2E2344A9FB00D3F0CE /* gradient_header.metal in Sources */,
				3A61CEB5234B809D001D731F /* EffectSingleLevelsVOX.metal in Sources */,
				3A07AAE12344A10800D3F0CE /* error.metal in Sources */,
				3A61CEEC234B8B0B001D731F /* blend_header.metal in Sources */,
				74F0CB9C234BB146001EBF23 /* EffectMergerCrossVOX.metal in Sources */,
				74F0CB83234BB0E4001EBF23 /* EffectSingleBlurVOX.metal in Sources */,
				3A61CEE6234B8B0B001D731F /* place_header.metal in Sources */,
				74F0CB89234BB0E4001EBF23 /* EffectSingleTransformVOX.metal in Sources */,
				3A61CEE9234B8B0B001D731F /* blend.metal in Sources */,
				3A90638B234C876000172ED4 /* NilVOX.metal in Sources */,
				3A8D7E3C234E1B4E00DC555E /* ContentResourceObjectVOX.metal in Sources */,
				3A07AB222344A3AE00D3F0CE /* gradient.metal in Sources */,
				3A61CEE3234B8B0B001D731F /* place.metal in Sources */,
				74844E842348963000F99875 /* ContentGeneratorColorVOX.metal in Sources */,
				74F0CB96234BB146001EBF23 /* EffectMergerLookupVOX.metal in Sources */,
				74F0CB99234BB146001EBF23 /* EffectMergerDisplaceVOX.metal in Sources */,
				3A07AAE72344A10800D3F0CE /* random_header.metal in Sources */,
				3A07AAF02344A10800D3F0CE /* hsv_header.metal in Sources */,
				3A61CEC1234B8370001D731F /* EffectSingleEdgeVOX.metal in Sources */,
				74F0CB8C234BB0E4001EBF23 /* EffectSingleQuantizeVOX.metal in Sources */,
				74F0CB86234BB0E4001EBF23 /* EffectSingleThresholdVOX.metal in Sources */,
				3A61CE54234B361F001D731F /* ContentGeneratorSphereVOX.metal in Sources */,
				3A07AAEA2344A10800D3F0CE /* random.metal in Sources */,
				3A61CE76234B5089001D731F /* EffectSingleResolutionVOX.metal in Sources */,
				3A07AAE42344A10800D3F0CE /* noise.metal in Sources */,
			);
			runOnlyForDeploymentPostprocessing = 0;
		};
		3A07AAA523449D1A00D3F0CE /* Sources */ = {
			isa = PBXSourcesBuildPhase;
			buildActionMask = 2147483647;
			files = (
				3A07AADF2344A10800D3F0CE /* QuadVTX.metal in Sources */,
				3A90637F234C7A5400172ED4 /* ContentGeneratorNoisePIX.metal in Sources */,
				3A8D7E3D234E1B4E00DC555E /* ContentResourceObjectVOX.metal in Sources */,
				3A61CE23234B23AA001D731F /* ContentGeneratorColorVOX.metal in Sources */,
				3A07AAF42344A10800D3F0CE /* hsv.metal in Sources */,
				3A07AAEE2344A10800D3F0CE /* noise_header.metal in Sources */,
				3A61CECF234B8724001D731F /* EffectMergerBlendVOX.metal in Sources */,
				3A07AAC623449DC400D3F0CE /* ContentGeneratorGradientVOX.metal in Sources */,
				3A61CEB6234B809D001D731F /* EffectSingleLevelsVOX.metal in Sources */,
				3A07AB2F2344A9FB00D3F0CE /* gradient_header.metal in Sources */,
				3A61CEED234B8B0B001D731F /* blend_header.metal in Sources */,
				74F0CB9D234BB146001EBF23 /* EffectMergerCrossVOX.metal in Sources */,
				74F0CB84234BB0E4001EBF23 /* EffectSingleBlurVOX.metal in Sources */,
				3A61CEE7234B8B0B001D731F /* place_header.metal in Sources */,
				74F0CB8A234BB0E4001EBF23 /* EffectSingleTransformVOX.metal in Sources */,
				3A61CEEA234B8B0B001D731F /* blend.metal in Sources */,
				3A07AAE22344A10800D3F0CE /* error.metal in Sources */,
				3A61CEE4234B8B0B001D731F /* place.metal in Sources */,
				3A07AB232344A3AE00D3F0CE /* gradient.metal in Sources */,
				74F0CB97234BB146001EBF23 /* EffectMergerLookupVOX.metal in Sources */,
				74F0CB9A234BB146001EBF23 /* EffectMergerDisplaceVOX.metal in Sources */,
				3A07AAE82344A10800D3F0CE /* random_header.metal in Sources */,
				3A07AAF12344A10800D3F0CE /* hsv_header.metal in Sources */,
				3A61CEC2234B8370001D731F /* EffectSingleEdgeVOX.metal in Sources */,
				74F0CB8D234BB0E4001EBF23 /* EffectSingleQuantizeVOX.metal in Sources */,
				74F0CB87234BB0E4001EBF23 /* EffectSingleThresholdVOX.metal in Sources */,
				3A61CE55234B361F001D731F /* ContentGeneratorSphereVOX.metal in Sources */,
				3A07AAEB2344A10800D3F0CE /* random.metal in Sources */,
				3A61CE77234B5089001D731F /* EffectSingleResolutionVOX.metal in Sources */,
				3A07AAE52344A10800D3F0CE /* noise.metal in Sources */,
			);
			runOnlyForDeploymentPostprocessing = 0;
		};
		3A07AAAD23449D2C00D3F0CE /* Sources */ = {
			isa = PBXSourcesBuildPhase;
			buildActionMask = 2147483647;
			files = (
				3A07AAE02344A10800D3F0CE /* QuadVTX.metal in Sources */,
				3A906380234C7A5400172ED4 /* ContentGeneratorNoisePIX.metal in Sources */,
				3A8D7E3E234E1B4E00DC555E /* ContentResourceObjectVOX.metal in Sources */,
				3A61CE24234B23AA001D731F /* ContentGeneratorColorVOX.metal in Sources */,
				3A07AAF52344A10800D3F0CE /* hsv.metal in Sources */,
				3A07AAEF2344A10800D3F0CE /* noise_header.metal in Sources */,
				3A61CED0234B8724001D731F /* EffectMergerBlendVOX.metal in Sources */,
				3A07AAC723449DC400D3F0CE /* ContentGeneratorGradientVOX.metal in Sources */,
				3A61CEB7234B809D001D731F /* EffectSingleLevelsVOX.metal in Sources */,
				3A07AB302344A9FB00D3F0CE /* gradient_header.metal in Sources */,
				3A61CEEE234B8B0B001D731F /* blend_header.metal in Sources */,
				74F0CB9E234BB146001EBF23 /* EffectMergerCrossVOX.metal in Sources */,
				74F0CB85234BB0E4001EBF23 /* EffectSingleBlurVOX.metal in Sources */,
				3A61CEE8234B8B0B001D731F /* place_header.metal in Sources */,
				74F0CB8B234BB0E4001EBF23 /* EffectSingleTransformVOX.metal in Sources */,
				3A61CEEB234B8B0B001D731F /* blend.metal in Sources */,
				3A07AAE32344A10800D3F0CE /* error.metal in Sources */,
				3A61CEE5234B8B0B001D731F /* place.metal in Sources */,
				3A07AB242344A3AE00D3F0CE /* gradient.metal in Sources */,
				74F0CB98234BB146001EBF23 /* EffectMergerLookupVOX.metal in Sources */,
				74F0CB9B234BB146001EBF23 /* EffectMergerDisplaceVOX.metal in Sources */,
				3A07AAE92344A10800D3F0CE /* random_header.metal in Sources */,
				3A07AAF22344A10800D3F0CE /* hsv_header.metal in Sources */,
				3A61CEC3234B8370001D731F /* EffectSingleEdgeVOX.metal in Sources */,
				74F0CB8E234BB0E4001EBF23 /* EffectSingleQuantizeVOX.metal in Sources */,
				74F0CB88234BB0E4001EBF23 /* EffectSingleThresholdVOX.metal in Sources */,
				3A61CE56234B361F001D731F /* ContentGeneratorSphereVOX.metal in Sources */,
				3A07AAEC2344A10800D3F0CE /* random.metal in Sources */,
				3A61CE78234B5089001D731F /* EffectSingleResolutionVOX.metal in Sources */,
				3A07AAE62344A10800D3F0CE /* noise.metal in Sources */,
			);
			runOnlyForDeploymentPostprocessing = 0;
		};
/* End PBXSourcesBuildPhase section */

/* Begin XCBuildConfiguration section */
		3A07AAA023449CFF00D3F0CE /* Debug */ = {
			isa = XCBuildConfiguration;
			buildSettings = {
				ALWAYS_SEARCH_USER_PATHS = NO;
				IPHONEOS_DEPLOYMENT_TARGET = 13.0;
				MTL_ENABLE_DEBUG_INFO = INCLUDE_SOURCE;
				MTL_FAST_MATH = YES;
				SDKROOT = iphoneos;
			};
			name = Debug;
		};
		3A07AAA123449CFF00D3F0CE /* Release */ = {
			isa = XCBuildConfiguration;
			buildSettings = {
				ALWAYS_SEARCH_USER_PATHS = NO;
				IPHONEOS_DEPLOYMENT_TARGET = 13.0;
				MTL_ENABLE_DEBUG_INFO = NO;
				MTL_FAST_MATH = YES;
				SDKROOT = iphoneos;
			};
			name = Release;
		};
		3A07AAA323449CFF00D3F0CE /* Debug */ = {
			isa = XCBuildConfiguration;
			buildSettings = {
				CODE_SIGN_STYLE = Automatic;
				DEVELOPMENT_TEAM = 2QHTY6FMW2;
				PRODUCT_NAME = "$(TARGET_NAME)";
			};
			name = Debug;
		};
		3A07AAA423449CFF00D3F0CE /* Release */ = {
			isa = XCBuildConfiguration;
			buildSettings = {
				CODE_SIGN_STYLE = Automatic;
				DEVELOPMENT_TEAM = 2QHTY6FMW2;
				PRODUCT_NAME = "$(TARGET_NAME)";
			};
			name = Release;
		};
		3A07AAAB23449D1A00D3F0CE /* Debug */ = {
			isa = XCBuildConfiguration;
			buildSettings = {
				CODE_SIGN_STYLE = Automatic;
				DEVELOPMENT_TEAM = 2QHTY6FMW2;
				MACOSX_DEPLOYMENT_TARGET = 10.14;
				PRODUCT_NAME = "$(TARGET_NAME)";
				SDKROOT = macosx;
			};
			name = Debug;
		};
		3A07AAAC23449D1A00D3F0CE /* Release */ = {
			isa = XCBuildConfiguration;
			buildSettings = {
				CODE_SIGN_STYLE = Automatic;
				DEVELOPMENT_TEAM = 2QHTY6FMW2;
				MACOSX_DEPLOYMENT_TARGET = 10.14;
				PRODUCT_NAME = "$(TARGET_NAME)";
				SDKROOT = macosx;
			};
			name = Release;
		};
		3A07AAB323449D2C00D3F0CE /* Debug */ = {
			isa = XCBuildConfiguration;
			buildSettings = {
				CODE_SIGN_STYLE = Automatic;
				DEVELOPMENT_TEAM = 2QHTY6FMW2;
				PRODUCT_NAME = "$(TARGET_NAME)";
				SDKROOT = appletvos;
				TVOS_DEPLOYMENT_TARGET = 13.0;
			};
			name = Debug;
		};
		3A07AAB423449D2C00D3F0CE /* Release */ = {
			isa = XCBuildConfiguration;
			buildSettings = {
				CODE_SIGN_STYLE = Automatic;
				DEVELOPMENT_TEAM = 2QHTY6FMW2;
				PRODUCT_NAME = "$(TARGET_NAME)";
				SDKROOT = appletvos;
				TVOS_DEPLOYMENT_TARGET = 13.0;
			};
			name = Release;
		};
/* End XCBuildConfiguration section */

/* Begin XCConfigurationList section */
		3A07AA9A23449CFE00D3F0CE /* Build configuration list for PBXProject "VoxelKitShaders" */ = {
			isa = XCConfigurationList;
			buildConfigurations = (
				3A07AAA023449CFF00D3F0CE /* Debug */,
				3A07AAA123449CFF00D3F0CE /* Release */,
			);
			defaultConfigurationIsVisible = 0;
			defaultConfigurationName = Release;
		};
		3A07AAA223449CFF00D3F0CE /* Build configuration list for PBXNativeTarget "VoxelKitShaders" */ = {
			isa = XCConfigurationList;
			buildConfigurations = (
				3A07AAA323449CFF00D3F0CE /* Debug */,
				3A07AAA423449CFF00D3F0CE /* Release */,
			);
			defaultConfigurationIsVisible = 0;
			defaultConfigurationName = Release;
		};
		3A07AAAA23449D1A00D3F0CE /* Build configuration list for PBXNativeTarget "VoxelKitShaders-macOS" */ = {
			isa = XCConfigurationList;
			buildConfigurations = (
				3A07AAAB23449D1A00D3F0CE /* Debug */,
				3A07AAAC23449D1A00D3F0CE /* Release */,
			);
			defaultConfigurationIsVisible = 0;
			defaultConfigurationName = Release;
		};
		3A07AAB223449D2C00D3F0CE /* Build configuration list for PBXNativeTarget "VoxelKitShaders-tvOS" */ = {
			isa = XCConfigurationList;
			buildConfigurations = (
				3A07AAB323449D2C00D3F0CE /* Debug */,
				3A07AAB423449D2C00D3F0CE /* Release */,
			);
			defaultConfigurationIsVisible = 0;
			defaultConfigurationName = Release;
		};
/* End XCConfigurationList section */
	};
	rootObject = 3A07AA9723449CFE00D3F0CE /* Project object */;
}
