// !$*UTF8*$!
{
	archiveVersion = 1;
	classes = {
	};
	objectVersion = 50;
	objects = {

/* Begin PBXBuildFile section */
		3A07AAC523449DC400D3F0CE /* ContentGeneratorGradientVOX.metal in Sources */ = {isa = PBXBuildFile; fileRef = 3A07AAC423449DC400D3F0CE /* ContentGeneratorGradientVOX.metal */; };
		3A07AAC623449DC400D3F0CE /* ContentGeneratorGradientVOX.metal in Sources */ = {isa = PBXBuildFile; fileRef = 3A07AAC423449DC400D3F0CE /* ContentGeneratorGradientVOX.metal */; };
		3A07AAC723449DC400D3F0CE /* ContentGeneratorGradientVOX.metal in Sources */ = {isa = PBXBuildFile; fileRef = 3A07AAC423449DC400D3F0CE /* ContentGeneratorGradientVOX.metal */; };
		3A07AADE2344A10800D3F0CE /* QuadVTX.metal in Sources */ = {isa = PBXBuildFile; fileRef = 3A07AACF2344A10800D3F0CE /* QuadVTX.metal */; };
		3A07AADF2344A10800D3F0CE /* QuadVTX.metal in Sources */ = {isa = PBXBuildFile; fileRef = 3A07AACF2344A10800D3F0CE /* QuadVTX.metal */; };
		3A07AAE02344A10800D3F0CE /* QuadVTX.metal in Sources */ = {isa = PBXBuildFile; fileRef = 3A07AACF2344A10800D3F0CE /* QuadVTX.metal */; };
		3A07AAE12344A10800D3F0CE /* error.metal in Sources */ = {isa = PBXBuildFile; fileRef = 3A07AAD02344A10800D3F0CE /* error.metal */; };
		3A07AAE22344A10800D3F0CE /* error.metal in Sources */ = {isa = PBXBuildFile; fileRef = 3A07AAD02344A10800D3F0CE /* error.metal */; };
		3A07AAE32344A10800D3F0CE /* error.metal in Sources */ = {isa = PBXBuildFile; fileRef = 3A07AAD02344A10800D3F0CE /* error.metal */; };
		3A07AAE42344A10800D3F0CE /* noise.metal in Sources */ = {isa = PBXBuildFile; fileRef = 3A07AAD22344A10800D3F0CE /* noise.metal */; };
		3A07AAE52344A10800D3F0CE /* noise.metal in Sources */ = {isa = PBXBuildFile; fileRef = 3A07AAD22344A10800D3F0CE /* noise.metal */; };
		3A07AAE62344A10800D3F0CE /* noise.metal in Sources */ = {isa = PBXBuildFile; fileRef = 3A07AAD22344A10800D3F0CE /* noise.metal */; };
		3A07AAE72344A10800D3F0CE /* random_header.metal in Sources */ = {isa = PBXBuildFile; fileRef = 3A07AAD32344A10800D3F0CE /* random_header.metal */; };
		3A07AAE82344A10800D3F0CE /* random_header.metal in Sources */ = {isa = PBXBuildFile; fileRef = 3A07AAD32344A10800D3F0CE /* random_header.metal */; };
		3A07AAE92344A10800D3F0CE /* random_header.metal in Sources */ = {isa = PBXBuildFile; fileRef = 3A07AAD32344A10800D3F0CE /* random_header.metal */; };
		3A07AAEA2344A10800D3F0CE /* random.metal in Sources */ = {isa = PBXBuildFile; fileRef = 3A07AAD42344A10800D3F0CE /* random.metal */; };
		3A07AAEB2344A10800D3F0CE /* random.metal in Sources */ = {isa = PBXBuildFile; fileRef = 3A07AAD42344A10800D3F0CE /* random.metal */; };
		3A07AAEC2344A10800D3F0CE /* random.metal in Sources */ = {isa = PBXBuildFile; fileRef = 3A07AAD42344A10800D3F0CE /* random.metal */; };
		3A07AAED2344A10800D3F0CE /* noise_header.metal in Sources */ = {isa = PBXBuildFile; fileRef = 3A07AAD52344A10800D3F0CE /* noise_header.metal */; };
		3A07AAEE2344A10800D3F0CE /* noise_header.metal in Sources */ = {isa = PBXBuildFile; fileRef = 3A07AAD52344A10800D3F0CE /* noise_header.metal */; };
		3A07AAEF2344A10800D3F0CE /* noise_header.metal in Sources */ = {isa = PBXBuildFile; fileRef = 3A07AAD52344A10800D3F0CE /* noise_header.metal */; };
		3A07AAF02344A10800D3F0CE /* hsv_header.metal in Sources */ = {isa = PBXBuildFile; fileRef = 3A07AAD72344A10800D3F0CE /* hsv_header.metal */; };
		3A07AAF12344A10800D3F0CE /* hsv_header.metal in Sources */ = {isa = PBXBuildFile; fileRef = 3A07AAD72344A10800D3F0CE /* hsv_header.metal */; };
		3A07AAF22344A10800D3F0CE /* hsv_header.metal in Sources */ = {isa = PBXBuildFile; fileRef = 3A07AAD72344A10800D3F0CE /* hsv_header.metal */; };
		3A07AAF32344A10800D3F0CE /* hsv.metal in Sources */ = {isa = PBXBuildFile; fileRef = 3A07AAD82344A10800D3F0CE /* hsv.metal */; };
		3A07AAF42344A10800D3F0CE /* hsv.metal in Sources */ = {isa = PBXBuildFile; fileRef = 3A07AAD82344A10800D3F0CE /* hsv.metal */; };
		3A07AAF52344A10800D3F0CE /* hsv.metal in Sources */ = {isa = PBXBuildFile; fileRef = 3A07AAD82344A10800D3F0CE /* hsv.metal */; };
		3A07AB222344A3AE00D3F0CE /* gradient.metal in Sources */ = {isa = PBXBuildFile; fileRef = 3A07AB212344A3AE00D3F0CE /* gradient.metal */; };
		3A07AB232344A3AE00D3F0CE /* gradient.metal in Sources */ = {isa = PBXBuildFile; fileRef = 3A07AB212344A3AE00D3F0CE /* gradient.metal */; };
		3A07AB242344A3AE00D3F0CE /* gradient.metal in Sources */ = {isa = PBXBuildFile; fileRef = 3A07AB212344A3AE00D3F0CE /* gradient.metal */; };
		3A07AB2E2344A9FB00D3F0CE /* gradient_header.metal in Sources */ = {isa = PBXBuildFile; fileRef = 3A07AB2D2344A9FB00D3F0CE /* gradient_header.metal */; };
		3A07AB2F2344A9FB00D3F0CE /* gradient_header.metal in Sources */ = {isa = PBXBuildFile; fileRef = 3A07AB2D2344A9FB00D3F0CE /* gradient_header.metal */; };
		3A07AB302344A9FB00D3F0CE /* gradient_header.metal in Sources */ = {isa = PBXBuildFile; fileRef = 3A07AB2D2344A9FB00D3F0CE /* gradient_header.metal */; };
		3A61CE23234B23AA001D731F /* ContentGeneratorColorVOX.metal in Sources */ = {isa = PBXBuildFile; fileRef = 74844E832348963000F99875 /* ContentGeneratorColorVOX.metal */; };
		3A61CE24234B23AA001D731F /* ContentGeneratorColorVOX.metal in Sources */ = {isa = PBXBuildFile; fileRef = 74844E832348963000F99875 /* ContentGeneratorColorVOX.metal */; };
		3A61CE54234B361F001D731F /* ContentGeneratorSphereVOX.metal in Sources */ = {isa = PBXBuildFile; fileRef = 3A61CE53234B361F001D731F /* ContentGeneratorSphereVOX.metal */; };
		3A61CE55234B361F001D731F /* ContentGeneratorSphereVOX.metal in Sources */ = {isa = PBXBuildFile; fileRef = 3A61CE53234B361F001D731F /* ContentGeneratorSphereVOX.metal */; };
		3A61CE56234B361F001D731F /* ContentGeneratorSphereVOX.metal in Sources */ = {isa = PBXBuildFile; fileRef = 3A61CE53234B361F001D731F /* ContentGeneratorSphereVOX.metal */; };
		3A61CE76234B5089001D731F /* EffectSingleResolutionVOX.metal in Sources */ = {isa = PBXBuildFile; fileRef = 3A61CE75234B5089001D731F /* EffectSingleResolutionVOX.metal */; };
		3A61CE77234B5089001D731F /* EffectSingleResolutionVOX.metal in Sources */ = {isa = PBXBuildFile; fileRef = 3A61CE75234B5089001D731F /* EffectSingleResolutionVOX.metal */; };
		3A61CE78234B5089001D731F /* EffectSingleResolutionVOX.metal in Sources */ = {isa = PBXBuildFile; fileRef = 3A61CE75234B5089001D731F /* EffectSingleResolutionVOX.metal */; };
		3A61CEB5234B809D001D731F /* EffectSingleLevelsVOX.metal in Sources */ = {isa = PBXBuildFile; fileRef = 3A61CEB4234B809D001D731F /* EffectSingleLevelsVOX.metal */; };
		3A61CEB6234B809D001D731F /* EffectSingleLevelsVOX.metal in Sources */ = {isa = PBXBuildFile; fileRef = 3A61CEB4234B809D001D731F /* EffectSingleLevelsVOX.metal */; };
		3A61CEB7234B809D001D731F /* EffectSingleLevelsVOX.metal in Sources */ = {isa = PBXBuildFile; fileRef = 3A61CEB4234B809D001D731F /* EffectSingleLevelsVOX.metal */; };
		74844E842348963000F99875 /* ContentGeneratorColorVOX.metal in Sources */ = {isa = PBXBuildFile; fileRef = 74844E832348963000F99875 /* ContentGeneratorColorVOX.metal */; };
/* End PBXBuildFile section */

/* Begin PBXFileReference section */
		3A07AAC423449DC400D3F0CE /* ContentGeneratorGradientVOX.metal */ = {isa = PBXFileReference; fileEncoding = 4; lastKnownFileType = sourcecode.metal; path = ContentGeneratorGradientVOX.metal; sourceTree = "<group>"; };
		3A07AACF2344A10800D3F0CE /* QuadVTX.metal */ = {isa = PBXFileReference; fileEncoding = 4; lastKnownFileType = sourcecode.metal; path = QuadVTX.metal; sourceTree = "<group>"; };
		3A07AAD02344A10800D3F0CE /* error.metal */ = {isa = PBXFileReference; fileEncoding = 4; lastKnownFileType = sourcecode.metal; path = error.metal; sourceTree = "<group>"; };
		3A07AAD22344A10800D3F0CE /* noise.metal */ = {isa = PBXFileReference; fileEncoding = 4; lastKnownFileType = sourcecode.metal; path = noise.metal; sourceTree = "<group>"; };
		3A07AAD32344A10800D3F0CE /* random_header.metal */ = {isa = PBXFileReference; fileEncoding = 4; lastKnownFileType = sourcecode.metal; path = random_header.metal; sourceTree = "<group>"; };
		3A07AAD42344A10800D3F0CE /* random.metal */ = {isa = PBXFileReference; fileEncoding = 4; lastKnownFileType = sourcecode.metal; path = random.metal; sourceTree = "<group>"; };
		3A07AAD52344A10800D3F0CE /* noise_header.metal */ = {isa = PBXFileReference; fileEncoding = 4; lastKnownFileType = sourcecode.metal; path = noise_header.metal; sourceTree = "<group>"; };
		3A07AAD72344A10800D3F0CE /* hsv_header.metal */ = {isa = PBXFileReference; fileEncoding = 4; lastKnownFileType = sourcecode.metal; path = hsv_header.metal; sourceTree = "<group>"; };
		3A07AAD82344A10800D3F0CE /* hsv.metal */ = {isa = PBXFileReference; fileEncoding = 4; lastKnownFileType = sourcecode.metal; path = hsv.metal; sourceTree = "<group>"; };
		3A07AAD92344A10800D3F0CE /* README.md */ = {isa = PBXFileReference; fileEncoding = 4; lastKnownFileType = net.daringfireball.markdown; path = README.md; sourceTree = "<group>"; };
		3A07AADA2344A10800D3F0CE /* .gitignore */ = {isa = PBXFileReference; fileEncoding = 4; lastKnownFileType = text; path = .gitignore; sourceTree = "<group>"; };
		3A07AB212344A3AE00D3F0CE /* gradient.metal */ = {isa = PBXFileReference; lastKnownFileType = sourcecode.metal; path = gradient.metal; sourceTree = "<group>"; };
		3A07AB2D2344A9FB00D3F0CE /* gradient_header.metal */ = {isa = PBXFileReference; fileEncoding = 4; lastKnownFileType = sourcecode.metal; path = gradient_header.metal; sourceTree = "<group>"; };
		3A61CE53234B361F001D731F /* ContentGeneratorSphereVOX.metal */ = {isa = PBXFileReference; fileEncoding = 4; lastKnownFileType = sourcecode.metal; path = ContentGeneratorSphereVOX.metal; sourceTree = "<group>"; };
		3A61CE75234B5089001D731F /* EffectSingleResolutionVOX.metal */ = {isa = PBXFileReference; fileEncoding = 4; lastKnownFileType = sourcecode.metal; path = EffectSingleResolutionVOX.metal; sourceTree = "<group>"; };
		3A61CEB4234B809D001D731F /* EffectSingleLevelsVOX.metal */ = {isa = PBXFileReference; fileEncoding = 4; lastKnownFileType = sourcecode.metal; path = EffectSingleLevelsVOX.metal; sourceTree = "<group>"; };
		74844E832348963000F99875 /* ContentGeneratorColorVOX.metal */ = {isa = PBXFileReference; lastKnownFileType = sourcecode.metal; path = ContentGeneratorColorVOX.metal; sourceTree = "<group>"; };
/* End PBXFileReference section */

/* Begin PBXGroup section */
		3A07AA9623449CFE00D3F0CE = {
			isa = PBXGroup;
			children = (
				3A07AAB723449D7F00D3F0CE /* Shaders */,
			);
			sourceTree = "<group>";
		};
		3A07AAB723449D7F00D3F0CE /* Shaders */ = {
			isa = PBXGroup;
			children = (
				74844E832348963000F99875 /* ContentGeneratorColorVOX.metal */,
				3A61CE53234B361F001D731F /* ContentGeneratorSphereVOX.metal */,
				3A07AAC423449DC400D3F0CE /* ContentGeneratorGradientVOX.metal */,
				3A61CE75234B5089001D731F /* EffectSingleResolutionVOX.metal */,
				3A61CEB4234B809D001D731F /* EffectSingleLevelsVOX.metal */,
				3A07AACB2344A10800D3F0CE /* Shaders */,
			);
			name = Shaders;
			path = ../Shaders;
			sourceTree = "<group>";
		};
		3A07AACB2344A10800D3F0CE /* Shaders */ = {
			isa = PBXGroup;
			children = (
				3A07AACC2344A10800D3F0CE /* Source */,
				3A07AAD92344A10800D3F0CE /* README.md */,
				3A07AADA2344A10800D3F0CE /* .gitignore */,
			);
			path = Shaders;
			sourceTree = "<group>";
		};
		3A07AACC2344A10800D3F0CE /* Source */ = {
			isa = PBXGroup;
			children = (
				3A07AACD2344A10800D3F0CE /* Other */,
				3A07AAD12344A10800D3F0CE /* Content */,
				3A07AAD62344A10800D3F0CE /* Effects */,
			);
			path = Source;
			sourceTree = "<group>";
		};
		3A07AACD2344A10800D3F0CE /* Other */ = {
			isa = PBXGroup;
			children = (
				3A07AACF2344A10800D3F0CE /* QuadVTX.metal */,
				3A07AAD02344A10800D3F0CE /* error.metal */,
			);
			path = Other;
			sourceTree = "<group>";
		};
		3A07AAD12344A10800D3F0CE /* Content */ = {
			isa = PBXGroup;
			children = (
				3A07AAD22344A10800D3F0CE /* noise.metal */,
				3A07AAD32344A10800D3F0CE /* random_header.metal */,
				3A07AAD42344A10800D3F0CE /* random.metal */,
				3A07AAD52344A10800D3F0CE /* noise_header.metal */,
				3A07AB2D2344A9FB00D3F0CE /* gradient_header.metal */,
				3A07AB212344A3AE00D3F0CE /* gradient.metal */,
			);
			path = Content;
			sourceTree = "<group>";
		};
		3A07AAD62344A10800D3F0CE /* Effects */ = {
			isa = PBXGroup;
			children = (
				3A07AAD72344A10800D3F0CE /* hsv_header.metal */,
				3A07AAD82344A10800D3F0CE /* hsv.metal */,
			);
			path = Effects;
			sourceTree = "<group>";
		};
/* End PBXGroup section */

/* Begin PBXNativeTarget section */
		3A07AA9C23449CFE00D3F0CE /* VoxelKitShaders */ = {
			isa = PBXNativeTarget;
			buildConfigurationList = 3A07AAA223449CFF00D3F0CE /* Build configuration list for PBXNativeTarget "VoxelKitShaders" */;
			buildPhases = (
				3A07AA9B23449CFE00D3F0CE /* Sources */,
			);
			buildRules = (
			);
			dependencies = (
			);
			name = VoxelKitShaders;
			productName = VoxelKitShaders;
			productType = "com.apple.product-type.metal-library";
		};
		3A07AAA623449D1A00D3F0CE /* VoxelKitShaders-macOS */ = {
			isa = PBXNativeTarget;
			buildConfigurationList = 3A07AAAA23449D1A00D3F0CE /* Build configuration list for PBXNativeTarget "VoxelKitShaders-macOS" */;
			buildPhases = (
				3A07AAA523449D1A00D3F0CE /* Sources */,
			);
			buildRules = (
			);
			dependencies = (
			);
			name = "VoxelKitShaders-macOS";
			productName = "VoxelKitShaders-macOS";
			productType = "com.apple.product-type.metal-library";
		};
		3A07AAAE23449D2C00D3F0CE /* VoxelKitShaders-tvOS */ = {
			isa = PBXNativeTarget;
			buildConfigurationList = 3A07AAB223449D2C00D3F0CE /* Build configuration list for PBXNativeTarget "VoxelKitShaders-tvOS" */;
			buildPhases = (
				3A07AAAD23449D2C00D3F0CE /* Sources */,
			);
			buildRules = (
			);
			dependencies = (
			);
			name = "VoxelKitShaders-tvOS";
			productName = "VoxelKitShaders-tvOS";
			productType = "com.apple.product-type.metal-library";
		};
/* End PBXNativeTarget section */

/* Begin PBXProject section */
		3A07AA9723449CFE00D3F0CE /* Project object */ = {
			isa = PBXProject;
			attributes = {
				LastUpgradeCheck = 1100;
				ORGANIZATIONNAME = Hexagons;
				TargetAttributes = {
					3A07AA9C23449CFE00D3F0CE = {
						CreatedOnToolsVersion = 11.0;
					};
					3A07AAA623449D1A00D3F0CE = {
						CreatedOnToolsVersion = 11.0;
					};
					3A07AAAE23449D2C00D3F0CE = {
						CreatedOnToolsVersion = 11.0;
					};
				};
			};
			buildConfigurationList = 3A07AA9A23449CFE00D3F0CE /* Build configuration list for PBXProject "VoxelKitShaders" */;
			compatibilityVersion = "Xcode 9.3";
			developmentRegion = en;
			hasScannedForEncodings = 0;
			knownRegions = (
				en,
				Base,
			);
			mainGroup = 3A07AA9623449CFE00D3F0CE;
			projectDirPath = "";
			projectRoot = "";
			targets = (
				3A07AA9C23449CFE00D3F0CE /* VoxelKitShaders */,
				3A07AAA623449D1A00D3F0CE /* VoxelKitShaders-macOS */,
				3A07AAAE23449D2C00D3F0CE /* VoxelKitShaders-tvOS */,
			);
		};
/* End PBXProject section */

/* Begin PBXSourcesBuildPhase section */
		3A07AA9B23449CFE00D3F0CE /* Sources */ = {
			isa = PBXSourcesBuildPhase;
			buildActionMask = 2147483647;
			files = (
				3A07AADE2344A10800D3F0CE /* QuadVTX.metal in Sources */,
				3A07AAF32344A10800D3F0CE /* hsv.metal in Sources */,
				3A07AAED2344A10800D3F0CE /* noise_header.metal in Sources */,
				3A07AAC523449DC400D3F0CE /* ContentGeneratorGradientVOX.metal in Sources */,
				3A07AB2E2344A9FB00D3F0CE /* gradient_header.metal in Sources */,
				3A61CEB5234B809D001D731F /* EffectSingleLevelsVOX.metal in Sources */,
				3A07AAE12344A10800D3F0CE /* error.metal in Sources */,
				3A07AB222344A3AE00D3F0CE /* gradient.metal in Sources */,
				74844E842348963000F99875 /* ContentGeneratorColorVOX.metal in Sources */,
				3A07AAE72344A10800D3F0CE /* random_header.metal in Sources */,
				3A07AAF02344A10800D3F0CE /* hsv_header.metal in Sources */,
				3A61CE54234B361F001D731F /* ContentGeneratorSphereVOX.metal in Sources */,
				3A07AAEA2344A10800D3F0CE /* random.metal in Sources */,
				3A61CE76234B5089001D731F /* EffectSingleResolutionVOX.metal in Sources */,
				3A07AAE42344A10800D3F0CE /* noise.metal in Sources */,
			);
			runOnlyForDeploymentPostprocessing = 0;
		};
		3A07AAA523449D1A00D3F0CE /* Sources */ = {
			isa = PBXSourcesBuildPhase;
			buildActionMask = 2147483647;
			files = (
				3A07AADF2344A10800D3F0CE /* QuadVTX.metal in Sources */,
				3A61CE23234B23AA001D731F /* ContentGeneratorColorVOX.metal in Sources */,
				3A07AAF42344A10800D3F0CE /* hsv.metal in Sources */,
				3A07AAEE2344A10800D3F0CE /* noise_header.metal in Sources */,
				3A07AAC623449DC400D3F0CE /* ContentGeneratorGradientVOX.metal in Sources */,
				3A61CEB6234B809D001D731F /* EffectSingleLevelsVOX.metal in Sources */,
				3A07AB2F2344A9FB00D3F0CE /* gradient_header.metal in Sources */,
				3A07AAE22344A10800D3F0CE /* error.metal in Sources */,
				3A07AB232344A3AE00D3F0CE /* gradient.metal in Sources */,
				3A07AAE82344A10800D3F0CE /* random_header.metal in Sources */,
				3A07AAF12344A10800D3F0CE /* hsv_header.metal in Sources */,
				3A61CE55234B361F001D731F /* ContentGeneratorSphereVOX.metal in Sources */,
				3A07AAEB2344A10800D3F0CE /* random.metal in Sources */,
				3A61CE77234B5089001D731F /* EffectSingleResolutionVOX.metal in Sources */,
				3A07AAE52344A10800D3F0CE /* noise.metal in Sources */,
			);
			runOnlyForDeploymentPostprocessing = 0;
		};
		3A07AAAD23449D2C00D3F0CE /* Sources */ = {
			isa = PBXSourcesBuildPhase;
			buildActionMask = 2147483647;
			files = (
				3A07AAE02344A10800D3F0CE /* QuadVTX.metal in Sources */,
				3A61CE24234B23AA001D731F /* ContentGeneratorColorVOX.metal in Sources */,
				3A07AAF52344A10800D3F0CE /* hsv.metal in Sources */,
				3A07AAEF2344A10800D3F0CE /* noise_header.metal in Sources */,
				3A07AAC723449DC400D3F0CE /* ContentGeneratorGradientVOX.metal in Sources */,
				3A61CEB7234B809D001D731F /* EffectSingleLevelsVOX.metal in Sources */,
				3A07AB302344A9FB00D3F0CE /* gradient_header.metal in Sources */,
				3A07AAE32344A10800D3F0CE /* error.metal in Sources */,
				3A07AB242344A3AE00D3F0CE /* gradient.metal in Sources */,
				3A07AAE92344A10800D3F0CE /* random_header.metal in Sources */,
				3A07AAF22344A10800D3F0CE /* hsv_header.metal in Sources */,
				3A61CE56234B361F001D731F /* ContentGeneratorSphereVOX.metal in Sources */,
				3A07AAEC2344A10800D3F0CE /* random.metal in Sources */,
				3A61CE78234B5089001D731F /* EffectSingleResolutionVOX.metal in Sources */,
				3A07AAE62344A10800D3F0CE /* noise.metal in Sources */,
			);
			runOnlyForDeploymentPostprocessing = 0;
		};
/* End PBXSourcesBuildPhase section */

/* Begin XCBuildConfiguration section */
		3A07AAA023449CFF00D3F0CE /* Debug */ = {
			isa = XCBuildConfiguration;
			buildSettings = {
				ALWAYS_SEARCH_USER_PATHS = NO;
				IPHONEOS_DEPLOYMENT_TARGET = 13.0;
				MTL_ENABLE_DEBUG_INFO = INCLUDE_SOURCE;
				MTL_FAST_MATH = YES;
				SDKROOT = iphoneos;
			};
			name = Debug;
		};
		3A07AAA123449CFF00D3F0CE /* Release */ = {
			isa = XCBuildConfiguration;
			buildSettings = {
				ALWAYS_SEARCH_USER_PATHS = NO;
				IPHONEOS_DEPLOYMENT_TARGET = 13.0;
				MTL_ENABLE_DEBUG_INFO = NO;
				MTL_FAST_MATH = YES;
				SDKROOT = iphoneos;
			};
			name = Release;
		};
		3A07AAA323449CFF00D3F0CE /* Debug */ = {
			isa = XCBuildConfiguration;
			buildSettings = {
				CODE_SIGN_STYLE = Automatic;
				DEVELOPMENT_TEAM = 2QHTY6FMW2;
				PRODUCT_NAME = "$(TARGET_NAME)";
			};
			name = Debug;
		};
		3A07AAA423449CFF00D3F0CE /* Release */ = {
			isa = XCBuildConfiguration;
			buildSettings = {
				CODE_SIGN_STYLE = Automatic;
				DEVELOPMENT_TEAM = 2QHTY6FMW2;
				PRODUCT_NAME = "$(TARGET_NAME)";
			};
			name = Release;
		};
		3A07AAAB23449D1A00D3F0CE /* Debug */ = {
			isa = XCBuildConfiguration;
			buildSettings = {
				CODE_SIGN_STYLE = Automatic;
				DEVELOPMENT_TEAM = 2QHTY6FMW2;
				MACOSX_DEPLOYMENT_TARGET = 10.14;
				PRODUCT_NAME = "$(TARGET_NAME)";
				SDKROOT = macosx;
			};
			name = Debug;
		};
		3A07AAAC23449D1A00D3F0CE /* Release */ = {
			isa = XCBuildConfiguration;
			buildSettings = {
				CODE_SIGN_STYLE = Automatic;
				DEVELOPMENT_TEAM = 2QHTY6FMW2;
				MACOSX_DEPLOYMENT_TARGET = 10.14;
				PRODUCT_NAME = "$(TARGET_NAME)";
				SDKROOT = macosx;
			};
			name = Release;
		};
		3A07AAB323449D2C00D3F0CE /* Debug */ = {
			isa = XCBuildConfiguration;
			buildSettings = {
				CODE_SIGN_STYLE = Automatic;
				DEVELOPMENT_TEAM = 2QHTY6FMW2;
				PRODUCT_NAME = "$(TARGET_NAME)";
				SDKROOT = appletvos;
				TVOS_DEPLOYMENT_TARGET = 13.0;
			};
			name = Debug;
		};
		3A07AAB423449D2C00D3F0CE /* Release */ = {
			isa = XCBuildConfiguration;
			buildSettings = {
				CODE_SIGN_STYLE = Automatic;
				DEVELOPMENT_TEAM = 2QHTY6FMW2;
				PRODUCT_NAME = "$(TARGET_NAME)";
				SDKROOT = appletvos;
				TVOS_DEPLOYMENT_TARGET = 13.0;
			};
			name = Release;
		};
/* End XCBuildConfiguration section */

/* Begin XCConfigurationList section */
		3A07AA9A23449CFE00D3F0CE /* Build configuration list for PBXProject "VoxelKitShaders" */ = {
			isa = XCConfigurationList;
			buildConfigurations = (
				3A07AAA023449CFF00D3F0CE /* Debug */,
				3A07AAA123449CFF00D3F0CE /* Release */,
			);
			defaultConfigurationIsVisible = 0;
			defaultConfigurationName = Release;
		};
		3A07AAA223449CFF00D3F0CE /* Build configuration list for PBXNativeTarget "VoxelKitShaders" */ = {
			isa = XCConfigurationList;
			buildConfigurations = (
				3A07AAA323449CFF00D3F0CE /* Debug */,
				3A07AAA423449CFF00D3F0CE /* Release */,
			);
			defaultConfigurationIsVisible = 0;
			defaultConfigurationName = Release;
		};
		3A07AAAA23449D1A00D3F0CE /* Build configuration list for PBXNativeTarget "VoxelKitShaders-macOS" */ = {
			isa = XCConfigurationList;
			buildConfigurations = (
				3A07AAAB23449D1A00D3F0CE /* Debug */,
				3A07AAAC23449D1A00D3F0CE /* Release */,
			);
			defaultConfigurationIsVisible = 0;
			defaultConfigurationName = Release;
		};
		3A07AAB223449D2C00D3F0CE /* Build configuration list for PBXNativeTarget "VoxelKitShaders-tvOS" */ = {
			isa = XCConfigurationList;
			buildConfigurations = (
				3A07AAB323449D2C00D3F0CE /* Debug */,
				3A07AAB423449D2C00D3F0CE /* Release */,
			);
			defaultConfigurationIsVisible = 0;
			defaultConfigurationName = Release;
		};
/* End XCConfigurationList section */
	};
	rootObject = 3A07AA9723449CFE00D3F0CE /* Project object */;
}
